
Microsoft Visual Studio Solution File, Format Version 12.00
# Visual Studio 15
VisualStudioVersion = 15.0.26906.1
MinimumVisualStudioVersion = 10.0.40219.1
Project("{2150E333-8FDC-42A3-9474-1A3956D46DE8}") = "Controllers", "Controllers", "{CD5D2CCD-44D0-46E5-BE14-3B377048E0A2}"
EndProject
Project("{2150E333-8FDC-42A3-9474-1A3956D46DE8}") = "Core", "Core", "{982ABB4E-A5DC-4C78-87A3-30BF49DD5764}"
EndProject
Project("{2150E333-8FDC-42A3-9474-1A3956D46DE8}") = "App", "App", "{20B098BA-1C68-4602-8BBA-902E7E3CA0B4}"
	ProjectSection(SolutionItems) = preProject
		App\DeployApps.ps1 = App\DeployApps.ps1
	EndProjectSection
EndProject
Project("{FAE04EC0-301F-11D3-BF4B-00C04F79EFBC}") = "HA4IoT.Controller.Main", "Controllers\Examples\HA4IoT.Controller.Main\HA4IoT.Controller.Main.csproj", "{D3634558-2746-441F-BC09-454B1EC7DC1D}"
EndProject
Project("{FAE04EC0-301F-11D3-BF4B-00C04F79EFBC}") = "HA4IoT.WebApp", "App\HA4IoT.WebApp\HA4IoT.WebApp.csproj", "{0E8A3855-D428-4CA2-B752-486B61056933}"
EndProject
Project("{FAE04EC0-301F-11D3-BF4B-00C04F79EFBC}") = "HA4IoT.ManagementApp", "App\HA4IoT.ManagementApp\HA4IoT.ManagementApp.csproj", "{F931A02F-DCAD-4301-8DAD-B7D722A9C410}"
EndProject
Project("{FAE04EC0-301F-11D3-BF4B-00C04F79EFBC}") = "HA4IoT.Service", "Controllers\HA4IoT.Controller\HA4IoT.Service.csproj", "{56F4E6B0-8C46-4715-A9F3-00A6573C2CF4}"
EndProject
Project("{FAE04EC0-301F-11D3-BF4B-00C04F79EFBC}") = "HA4IoT.Simulator", "Controllers\HA4IoT.Simulator\HA4IoT.Simulator.csproj", "{F46489CF-4D81-40DD-8EFB-9B4073898A85}"
EndProject
Project("{2150E333-8FDC-42A3-9474-1A3956D46DE8}") = "Cloud", "Cloud", "{AF6D96DE-60FE-4711-A888-3F6A06AF1628}"
EndProject
Project("{FAE04EC0-301F-11D3-BF4B-00C04F79EFBC}") = "HA4IoT.CloudApi", "Cloud\HA4IoT.CloudApi\HA4IoT.CloudApi.csproj", "{C4619FEF-F44F-45EE-9473-5C80BC72E866}"
EndProject
Project("{2150E333-8FDC-42A3-9474-1A3956D46DE8}") = "Examples", "Examples", "{CED3E271-EE23-4B30-936C-B709F4D176FD}"
EndProject
Project("{2150E333-8FDC-42A3-9474-1A3956D46DE8}") = "Apartment", "Apartment", "{89FBD621-449F-4178-9FC7-12244C2A1942}"
	ProjectSection(SolutionItems) = preProject
		Controllers\Examples\Apartment\Configuration-Areas.json = Controllers\Examples\Apartment\Configuration-Areas.json
		Controllers\Examples\Apartment\Configuration-Devices.json = Controllers\Examples\Apartment\Configuration-Devices.json
		Controllers\Examples\Apartment\Configuration-Interrupts.json = Controllers\Examples\Apartment\Configuration-Interrupts.json
		Controllers\Examples\Apartment\Configuration-RemoteSockets.json = Controllers\Examples\Apartment\Configuration-RemoteSockets.json
		Controllers\Examples\Apartment\Configuration.json = Controllers\Examples\Apartment\Configuration.json
	EndProjectSection
EndProject
Project("{2150E333-8FDC-42A3-9474-1A3956D46DE8}") = "Garden", "Garden", "{3EB09DBE-C2E3-43D3-BF91-8494EBCB37F9}"
	ProjectSection(SolutionItems) = preProject
		Controllers\Examples\Garden\Configuration.json = Controllers\Examples\Garden\Configuration.json
	EndProjectSection
EndProject
Project("{2150E333-8FDC-42A3-9474-1A3956D46DE8}") = "DNF", "DNF", "{FC699828-F953-4DA6-978B-EE8BFB988390}"
EndProject
Project("{FAE04EC0-301F-11D3-BF4B-00C04F79EFBC}") = "HA4IoT.Controller.Dnf", "DNF\HA4IoT.Controller.Dnf\HA4IoT.Controller.Dnf.csproj", "{7AB8593B-A23C-467A-B8FB-09C9F32ABF54}"
EndProject
Project("{9A19103F-16F7-4668-BE54-9A1E7A4F7556}") = "Wirehome.Contracts", "Core\Wirehome.Contracts\Wirehome.Contracts.csproj", "{EE5C16AF-0ACF-4D87-AD5A-D995832DDB6C}"
EndProject
Project("{9A19103F-16F7-4668-BE54-9A1E7A4F7556}") = "Wirehome", "Core\Wirehome\Wirehome.csproj", "{50737D30-AD0D-4832-B675-FDA4C27C58CA}"
EndProject
Project("{FAE04EC0-301F-11D3-BF4B-00C04F79EFBC}") = "Wirehome.UWP", "Core\Wirehome.UWP\Wirehome.UWP.csproj", "{0D7D0870-8888-4742-9CFD-F8EF2C3A50D8}"
EndProject
Project("{FAE04EC0-301F-11D3-BF4B-00C04F79EFBC}") = "Wirehome.UWP.Tests", "Core\Wirehome.UWP.Tests\Wirehome.UWP.Tests.csproj", "{609FF0FC-2CFA-4A3E-9166-19A34245E323}"
EndProject
Project("{9A19103F-16F7-4668-BE54-9A1E7A4F7556}") = "Wirehome.Tests", "Core\Wirehome.Tests\Wirehome.Tests.csproj", "{B309D329-616A-49B3-B713-A45CAAA3228E}"
EndProject
Project("{9A19103F-16F7-4668-BE54-9A1E7A4F7556}") = "Wirehome.Extensions", "DNF\Wirehome.Extensions\Wirehome.Extensions.csproj", "{8B19F545-AE8B-4EE9-B1B4-52C13F71DACC}"
EndProject
Project("{9A19103F-16F7-4668-BE54-9A1E7A4F7556}") = "Wirehome.Extensions.Tests", "DNF\Wirehome.Extensions.Tests\Wirehome.Extensions.Tests.csproj", "{56F260CD-B2F5-4FB4-B6A0-05C595CC042E}"
EndProject
Project("{FAE04EC0-301F-11D3-BF4B-00C04F79EFBC}") = "Wirehome.Extensions.UWP", "DNF\Wirehome.Extensions.UWP\Wirehome.Extensions.UWP.csproj", "{4F21E05D-E0A2-48BE-BCEC-23D85DC2AE82}"
EndProject
Project("{9A19103F-16F7-4668-BE54-9A1E7A4F7556}") = "Wirehome.WindowsService", "DNF\Wirehome.WindowsService\Wirehome.WindowsService.csproj", "{01B3C65B-E1FE-4C64-827E-9832FEBBC0A2}"
EndProject
Project("{9A19103F-16F7-4668-BE54-9A1E7A4F7556}") = "Wirehome.WindowsService.Core", "DNF\Wirehome.WindowsService.Core\Wirehome.WindowsService.Core.csproj", "{0011A03D-A667-4F05-BDE8-33883C8C1B40}"
EndProject
Global
	GlobalSection(SolutionConfigurationPlatforms) = preSolution
		Debug|Any CPU = Debug|Any CPU
		Debug|Any CPU (For Cloud Components) = Debug|Any CPU (For Cloud Components)
		Debug|ARM = Debug|ARM
		Debug|ARM (For Raspberry Pi) = Debug|ARM (For Raspberry Pi)
		Debug|x64 = Debug|x64
		Debug|x86 = Debug|x86
		Debug|x86 (For local) = Debug|x86 (For local)
		Release|Any CPU = Release|Any CPU
		Release|Any CPU (For Cloud Components) = Release|Any CPU (For Cloud Components)
		Release|ARM = Release|ARM
		Release|ARM (For Raspberry Pi) = Release|ARM (For Raspberry Pi)
		Release|x64 = Release|x64
		Release|x86 = Release|x86
		Release|x86 (For local) = Release|x86 (For local)
	EndGlobalSection
	GlobalSection(ProjectConfigurationPlatforms) = postSolution
		{D3634558-2746-441F-BC09-454B1EC7DC1D}.Debug|Any CPU.ActiveCfg = Debug|Any CPU
		{D3634558-2746-441F-BC09-454B1EC7DC1D}.Debug|Any CPU.Build.0 = Debug|Any CPU
		{D3634558-2746-441F-BC09-454B1EC7DC1D}.Debug|Any CPU.Deploy.0 = Debug|Any CPU
		{D3634558-2746-441F-BC09-454B1EC7DC1D}.Debug|Any CPU (For Cloud Components).ActiveCfg = Debug|x86
		{D3634558-2746-441F-BC09-454B1EC7DC1D}.Debug|ARM.ActiveCfg = Debug|ARM
		{D3634558-2746-441F-BC09-454B1EC7DC1D}.Debug|ARM.Build.0 = Debug|ARM
		{D3634558-2746-441F-BC09-454B1EC7DC1D}.Debug|ARM.Deploy.0 = Debug|ARM
		{D3634558-2746-441F-BC09-454B1EC7DC1D}.Debug|ARM (For Raspberry Pi).ActiveCfg = Debug|ARM
		{D3634558-2746-441F-BC09-454B1EC7DC1D}.Debug|ARM (For Raspberry Pi).Build.0 = Debug|ARM
		{D3634558-2746-441F-BC09-454B1EC7DC1D}.Debug|ARM (For Raspberry Pi).Deploy.0 = Debug|ARM
		{D3634558-2746-441F-BC09-454B1EC7DC1D}.Debug|x64.ActiveCfg = Debug|x64
		{D3634558-2746-441F-BC09-454B1EC7DC1D}.Debug|x64.Build.0 = Debug|x64
		{D3634558-2746-441F-BC09-454B1EC7DC1D}.Debug|x64.Deploy.0 = Debug|x64
		{D3634558-2746-441F-BC09-454B1EC7DC1D}.Debug|x86.ActiveCfg = Debug|x86
		{D3634558-2746-441F-BC09-454B1EC7DC1D}.Debug|x86.Build.0 = Debug|x86
		{D3634558-2746-441F-BC09-454B1EC7DC1D}.Debug|x86.Deploy.0 = Debug|x86
		{D3634558-2746-441F-BC09-454B1EC7DC1D}.Debug|x86 (For local).ActiveCfg = Debug|x86
		{D3634558-2746-441F-BC09-454B1EC7DC1D}.Debug|x86 (For local).Build.0 = Debug|x86
		{D3634558-2746-441F-BC09-454B1EC7DC1D}.Release|Any CPU.ActiveCfg = Release|Any CPU
		{D3634558-2746-441F-BC09-454B1EC7DC1D}.Release|Any CPU.Build.0 = Release|Any CPU
		{D3634558-2746-441F-BC09-454B1EC7DC1D}.Release|Any CPU.Deploy.0 = Release|Any CPU
		{D3634558-2746-441F-BC09-454B1EC7DC1D}.Release|Any CPU (For Cloud Components).ActiveCfg = Release|Any CPU
		{D3634558-2746-441F-BC09-454B1EC7DC1D}.Release|Any CPU (For Cloud Components).Build.0 = Release|Any CPU
		{D3634558-2746-441F-BC09-454B1EC7DC1D}.Release|Any CPU (For Cloud Components).Deploy.0 = Release|Any CPU
		{D3634558-2746-441F-BC09-454B1EC7DC1D}.Release|ARM.ActiveCfg = Release|ARM
		{D3634558-2746-441F-BC09-454B1EC7DC1D}.Release|ARM.Build.0 = Release|ARM
		{D3634558-2746-441F-BC09-454B1EC7DC1D}.Release|ARM.Deploy.0 = Release|ARM
		{D3634558-2746-441F-BC09-454B1EC7DC1D}.Release|ARM (For Raspberry Pi).ActiveCfg = Release|ARM
		{D3634558-2746-441F-BC09-454B1EC7DC1D}.Release|ARM (For Raspberry Pi).Build.0 = Release|ARM
		{D3634558-2746-441F-BC09-454B1EC7DC1D}.Release|ARM (For Raspberry Pi).Deploy.0 = Release|ARM
		{D3634558-2746-441F-BC09-454B1EC7DC1D}.Release|x64.ActiveCfg = Release|x64
		{D3634558-2746-441F-BC09-454B1EC7DC1D}.Release|x64.Build.0 = Release|x64
		{D3634558-2746-441F-BC09-454B1EC7DC1D}.Release|x64.Deploy.0 = Release|x64
		{D3634558-2746-441F-BC09-454B1EC7DC1D}.Release|x86.ActiveCfg = Release|x86
		{D3634558-2746-441F-BC09-454B1EC7DC1D}.Release|x86.Build.0 = Release|x86
		{D3634558-2746-441F-BC09-454B1EC7DC1D}.Release|x86.Deploy.0 = Release|x86
		{D3634558-2746-441F-BC09-454B1EC7DC1D}.Release|x86 (For local).ActiveCfg = Release|x86
		{D3634558-2746-441F-BC09-454B1EC7DC1D}.Release|x86 (For local).Build.0 = Release|x86
		{0E8A3855-D428-4CA2-B752-486B61056933}.Debug|Any CPU.ActiveCfg = Debug|Any CPU
		{0E8A3855-D428-4CA2-B752-486B61056933}.Debug|Any CPU.Build.0 = Debug|Any CPU
		{0E8A3855-D428-4CA2-B752-486B61056933}.Debug|Any CPU (For Cloud Components).ActiveCfg = Debug|x86
		{0E8A3855-D428-4CA2-B752-486B61056933}.Debug|ARM.ActiveCfg = Debug|Any CPU
		{0E8A3855-D428-4CA2-B752-486B61056933}.Debug|ARM.Build.0 = Debug|Any CPU
		{0E8A3855-D428-4CA2-B752-486B61056933}.Debug|ARM (For Raspberry Pi).ActiveCfg = Debug|Any CPU
		{0E8A3855-D428-4CA2-B752-486B61056933}.Debug|x64.ActiveCfg = Debug|Any CPU
		{0E8A3855-D428-4CA2-B752-486B61056933}.Debug|x64.Build.0 = Debug|Any CPU
		{0E8A3855-D428-4CA2-B752-486B61056933}.Debug|x86.ActiveCfg = Debug|x86
		{0E8A3855-D428-4CA2-B752-486B61056933}.Debug|x86.Build.0 = Debug|x86
		{0E8A3855-D428-4CA2-B752-486B61056933}.Debug|x86 (For local).ActiveCfg = Debug|x86
		{0E8A3855-D428-4CA2-B752-486B61056933}.Debug|x86 (For local).Build.0 = Debug|x86
		{0E8A3855-D428-4CA2-B752-486B61056933}.Release|Any CPU.ActiveCfg = Release|Any CPU
		{0E8A3855-D428-4CA2-B752-486B61056933}.Release|Any CPU.Build.0 = Release|Any CPU
		{0E8A3855-D428-4CA2-B752-486B61056933}.Release|Any CPU (For Cloud Components).ActiveCfg = Release|Any CPU
		{0E8A3855-D428-4CA2-B752-486B61056933}.Release|Any CPU (For Cloud Components).Build.0 = Release|Any CPU
		{0E8A3855-D428-4CA2-B752-486B61056933}.Release|ARM.ActiveCfg = Release|Any CPU
		{0E8A3855-D428-4CA2-B752-486B61056933}.Release|ARM.Build.0 = Release|Any CPU
		{0E8A3855-D428-4CA2-B752-486B61056933}.Release|ARM (For Raspberry Pi).ActiveCfg = Release|Any CPU
		{0E8A3855-D428-4CA2-B752-486B61056933}.Release|x64.ActiveCfg = Release|Any CPU
		{0E8A3855-D428-4CA2-B752-486B61056933}.Release|x64.Build.0 = Release|Any CPU
		{0E8A3855-D428-4CA2-B752-486B61056933}.Release|x86.ActiveCfg = Release|x86
		{0E8A3855-D428-4CA2-B752-486B61056933}.Release|x86.Build.0 = Release|x86
		{0E8A3855-D428-4CA2-B752-486B61056933}.Release|x86 (For local).ActiveCfg = Release|x86
		{0E8A3855-D428-4CA2-B752-486B61056933}.Release|x86 (For local).Build.0 = Release|x86
		{F931A02F-DCAD-4301-8DAD-B7D722A9C410}.Debug|Any CPU.ActiveCfg = Debug|Any CPU
		{F931A02F-DCAD-4301-8DAD-B7D722A9C410}.Debug|Any CPU.Build.0 = Debug|Any CPU
		{F931A02F-DCAD-4301-8DAD-B7D722A9C410}.Debug|Any CPU (For Cloud Components).ActiveCfg = Debug|x86
		{F931A02F-DCAD-4301-8DAD-B7D722A9C410}.Debug|ARM.ActiveCfg = Debug|Any CPU
		{F931A02F-DCAD-4301-8DAD-B7D722A9C410}.Debug|ARM.Build.0 = Debug|Any CPU
		{F931A02F-DCAD-4301-8DAD-B7D722A9C410}.Debug|ARM (For Raspberry Pi).ActiveCfg = Debug|Any CPU
		{F931A02F-DCAD-4301-8DAD-B7D722A9C410}.Debug|x64.ActiveCfg = Debug|Any CPU
		{F931A02F-DCAD-4301-8DAD-B7D722A9C410}.Debug|x64.Build.0 = Debug|Any CPU
		{F931A02F-DCAD-4301-8DAD-B7D722A9C410}.Debug|x86.ActiveCfg = Debug|x86
		{F931A02F-DCAD-4301-8DAD-B7D722A9C410}.Debug|x86.Build.0 = Debug|x86
		{F931A02F-DCAD-4301-8DAD-B7D722A9C410}.Debug|x86 (For local).ActiveCfg = Debug|x86
		{F931A02F-DCAD-4301-8DAD-B7D722A9C410}.Debug|x86 (For local).Build.0 = Debug|x86
		{F931A02F-DCAD-4301-8DAD-B7D722A9C410}.Release|Any CPU.ActiveCfg = Release|Any CPU
		{F931A02F-DCAD-4301-8DAD-B7D722A9C410}.Release|Any CPU.Build.0 = Release|Any CPU
		{F931A02F-DCAD-4301-8DAD-B7D722A9C410}.Release|Any CPU (For Cloud Components).ActiveCfg = Release|Any CPU
		{F931A02F-DCAD-4301-8DAD-B7D722A9C410}.Release|Any CPU (For Cloud Components).Build.0 = Release|Any CPU
		{F931A02F-DCAD-4301-8DAD-B7D722A9C410}.Release|ARM.ActiveCfg = Release|Any CPU
		{F931A02F-DCAD-4301-8DAD-B7D722A9C410}.Release|ARM.Build.0 = Release|Any CPU
		{F931A02F-DCAD-4301-8DAD-B7D722A9C410}.Release|ARM (For Raspberry Pi).ActiveCfg = Release|Any CPU
		{F931A02F-DCAD-4301-8DAD-B7D722A9C410}.Release|x64.ActiveCfg = Release|Any CPU
		{F931A02F-DCAD-4301-8DAD-B7D722A9C410}.Release|x64.Build.0 = Release|Any CPU
		{F931A02F-DCAD-4301-8DAD-B7D722A9C410}.Release|x86.ActiveCfg = Release|x86
		{F931A02F-DCAD-4301-8DAD-B7D722A9C410}.Release|x86.Build.0 = Release|x86
		{F931A02F-DCAD-4301-8DAD-B7D722A9C410}.Release|x86 (For local).ActiveCfg = Release|x86
		{F931A02F-DCAD-4301-8DAD-B7D722A9C410}.Release|x86 (For local).Build.0 = Release|x86
		{56F4E6B0-8C46-4715-A9F3-00A6573C2CF4}.Debug|Any CPU.ActiveCfg = Debug|Any CPU
		{56F4E6B0-8C46-4715-A9F3-00A6573C2CF4}.Debug|Any CPU.Build.0 = Debug|Any CPU
		{56F4E6B0-8C46-4715-A9F3-00A6573C2CF4}.Debug|Any CPU.Deploy.0 = Debug|Any CPU
		{56F4E6B0-8C46-4715-A9F3-00A6573C2CF4}.Debug|Any CPU (For Cloud Components).ActiveCfg = Debug|x86
		{56F4E6B0-8C46-4715-A9F3-00A6573C2CF4}.Debug|ARM.ActiveCfg = Debug|ARM
		{56F4E6B0-8C46-4715-A9F3-00A6573C2CF4}.Debug|ARM.Build.0 = Debug|ARM
		{56F4E6B0-8C46-4715-A9F3-00A6573C2CF4}.Debug|ARM.Deploy.0 = Debug|ARM
		{56F4E6B0-8C46-4715-A9F3-00A6573C2CF4}.Debug|ARM (For Raspberry Pi).ActiveCfg = Debug|ARM
		{56F4E6B0-8C46-4715-A9F3-00A6573C2CF4}.Debug|ARM (For Raspberry Pi).Build.0 = Debug|ARM
		{56F4E6B0-8C46-4715-A9F3-00A6573C2CF4}.Debug|x64.ActiveCfg = Debug|x64
		{56F4E6B0-8C46-4715-A9F3-00A6573C2CF4}.Debug|x64.Build.0 = Debug|x64
		{56F4E6B0-8C46-4715-A9F3-00A6573C2CF4}.Debug|x64.Deploy.0 = Debug|x64
		{56F4E6B0-8C46-4715-A9F3-00A6573C2CF4}.Debug|x86.ActiveCfg = Debug|x86
		{56F4E6B0-8C46-4715-A9F3-00A6573C2CF4}.Debug|x86.Build.0 = Debug|x86
		{56F4E6B0-8C46-4715-A9F3-00A6573C2CF4}.Debug|x86.Deploy.0 = Debug|x86
		{56F4E6B0-8C46-4715-A9F3-00A6573C2CF4}.Debug|x86 (For local).ActiveCfg = Debug|x86
		{56F4E6B0-8C46-4715-A9F3-00A6573C2CF4}.Debug|x86 (For local).Build.0 = Debug|x86
		{56F4E6B0-8C46-4715-A9F3-00A6573C2CF4}.Release|Any CPU.ActiveCfg = Release|Any CPU
		{56F4E6B0-8C46-4715-A9F3-00A6573C2CF4}.Release|Any CPU.Build.0 = Release|Any CPU
		{56F4E6B0-8C46-4715-A9F3-00A6573C2CF4}.Release|Any CPU.Deploy.0 = Release|Any CPU
		{56F4E6B0-8C46-4715-A9F3-00A6573C2CF4}.Release|Any CPU (For Cloud Components).ActiveCfg = Release|Any CPU
		{56F4E6B0-8C46-4715-A9F3-00A6573C2CF4}.Release|Any CPU (For Cloud Components).Build.0 = Release|Any CPU
		{56F4E6B0-8C46-4715-A9F3-00A6573C2CF4}.Release|Any CPU (For Cloud Components).Deploy.0 = Release|Any CPU
		{56F4E6B0-8C46-4715-A9F3-00A6573C2CF4}.Release|ARM.ActiveCfg = Release|ARM
		{56F4E6B0-8C46-4715-A9F3-00A6573C2CF4}.Release|ARM.Build.0 = Release|ARM
		{56F4E6B0-8C46-4715-A9F3-00A6573C2CF4}.Release|ARM.Deploy.0 = Release|ARM
		{56F4E6B0-8C46-4715-A9F3-00A6573C2CF4}.Release|ARM (For Raspberry Pi).ActiveCfg = Release|ARM
		{56F4E6B0-8C46-4715-A9F3-00A6573C2CF4}.Release|ARM (For Raspberry Pi).Build.0 = Release|ARM
		{56F4E6B0-8C46-4715-A9F3-00A6573C2CF4}.Release|x64.ActiveCfg = Release|x64
		{56F4E6B0-8C46-4715-A9F3-00A6573C2CF4}.Release|x64.Build.0 = Release|x64
		{56F4E6B0-8C46-4715-A9F3-00A6573C2CF4}.Release|x64.Deploy.0 = Release|x64
		{56F4E6B0-8C46-4715-A9F3-00A6573C2CF4}.Release|x86.ActiveCfg = Release|x86
		{56F4E6B0-8C46-4715-A9F3-00A6573C2CF4}.Release|x86.Build.0 = Release|x86
		{56F4E6B0-8C46-4715-A9F3-00A6573C2CF4}.Release|x86.Deploy.0 = Release|x86
		{56F4E6B0-8C46-4715-A9F3-00A6573C2CF4}.Release|x86 (For local).ActiveCfg = Release|x86
		{56F4E6B0-8C46-4715-A9F3-00A6573C2CF4}.Release|x86 (For local).Build.0 = Release|x86
		{F46489CF-4D81-40DD-8EFB-9B4073898A85}.Debug|Any CPU.ActiveCfg = Debug|Any CPU
		{F46489CF-4D81-40DD-8EFB-9B4073898A85}.Debug|Any CPU.Build.0 = Debug|Any CPU
		{F46489CF-4D81-40DD-8EFB-9B4073898A85}.Debug|Any CPU.Deploy.0 = Debug|Any CPU
		{F46489CF-4D81-40DD-8EFB-9B4073898A85}.Debug|Any CPU (For Cloud Components).ActiveCfg = Debug|x86
		{F46489CF-4D81-40DD-8EFB-9B4073898A85}.Debug|ARM.ActiveCfg = Debug|ARM
		{F46489CF-4D81-40DD-8EFB-9B4073898A85}.Debug|ARM.Build.0 = Debug|ARM
		{F46489CF-4D81-40DD-8EFB-9B4073898A85}.Debug|ARM.Deploy.0 = Debug|ARM
		{F46489CF-4D81-40DD-8EFB-9B4073898A85}.Debug|ARM (For Raspberry Pi).ActiveCfg = Debug|ARM
		{F46489CF-4D81-40DD-8EFB-9B4073898A85}.Debug|ARM (For Raspberry Pi).Build.0 = Debug|ARM
		{F46489CF-4D81-40DD-8EFB-9B4073898A85}.Debug|x64.ActiveCfg = Debug|x64
		{F46489CF-4D81-40DD-8EFB-9B4073898A85}.Debug|x64.Build.0 = Debug|x64
		{F46489CF-4D81-40DD-8EFB-9B4073898A85}.Debug|x64.Deploy.0 = Debug|x64
		{F46489CF-4D81-40DD-8EFB-9B4073898A85}.Debug|x86.ActiveCfg = Debug|x86
		{F46489CF-4D81-40DD-8EFB-9B4073898A85}.Debug|x86.Build.0 = Debug|x86
		{F46489CF-4D81-40DD-8EFB-9B4073898A85}.Debug|x86.Deploy.0 = Debug|x86
		{F46489CF-4D81-40DD-8EFB-9B4073898A85}.Debug|x86 (For local).ActiveCfg = Debug|x86
		{F46489CF-4D81-40DD-8EFB-9B4073898A85}.Debug|x86 (For local).Build.0 = Debug|x86
		{F46489CF-4D81-40DD-8EFB-9B4073898A85}.Debug|x86 (For local).Deploy.0 = Debug|x86
		{F46489CF-4D81-40DD-8EFB-9B4073898A85}.Release|Any CPU.ActiveCfg = Release|Any CPU
		{F46489CF-4D81-40DD-8EFB-9B4073898A85}.Release|Any CPU.Build.0 = Release|Any CPU
		{F46489CF-4D81-40DD-8EFB-9B4073898A85}.Release|Any CPU.Deploy.0 = Release|Any CPU
		{F46489CF-4D81-40DD-8EFB-9B4073898A85}.Release|Any CPU (For Cloud Components).ActiveCfg = Release|Any CPU
		{F46489CF-4D81-40DD-8EFB-9B4073898A85}.Release|Any CPU (For Cloud Components).Build.0 = Release|Any CPU
		{F46489CF-4D81-40DD-8EFB-9B4073898A85}.Release|Any CPU (For Cloud Components).Deploy.0 = Release|Any CPU
		{F46489CF-4D81-40DD-8EFB-9B4073898A85}.Release|ARM.ActiveCfg = Release|ARM
		{F46489CF-4D81-40DD-8EFB-9B4073898A85}.Release|ARM.Build.0 = Release|ARM
		{F46489CF-4D81-40DD-8EFB-9B4073898A85}.Release|ARM.Deploy.0 = Release|ARM
		{F46489CF-4D81-40DD-8EFB-9B4073898A85}.Release|ARM (For Raspberry Pi).ActiveCfg = Release|ARM
		{F46489CF-4D81-40DD-8EFB-9B4073898A85}.Release|x64.ActiveCfg = Release|x64
		{F46489CF-4D81-40DD-8EFB-9B4073898A85}.Release|x64.Build.0 = Release|x64
		{F46489CF-4D81-40DD-8EFB-9B4073898A85}.Release|x64.Deploy.0 = Release|x64
		{F46489CF-4D81-40DD-8EFB-9B4073898A85}.Release|x86.ActiveCfg = Release|x86
		{F46489CF-4D81-40DD-8EFB-9B4073898A85}.Release|x86.Build.0 = Release|x86
		{F46489CF-4D81-40DD-8EFB-9B4073898A85}.Release|x86.Deploy.0 = Release|x86
		{F46489CF-4D81-40DD-8EFB-9B4073898A85}.Release|x86 (For local).ActiveCfg = Release|x86
		{F46489CF-4D81-40DD-8EFB-9B4073898A85}.Release|x86 (For local).Build.0 = Release|x86
		{F46489CF-4D81-40DD-8EFB-9B4073898A85}.Release|x86 (For local).Deploy.0 = Release|x86
		{C4619FEF-F44F-45EE-9473-5C80BC72E866}.Debug|Any CPU.ActiveCfg = Debug|Any CPU
		{C4619FEF-F44F-45EE-9473-5C80BC72E866}.Debug|Any CPU.Build.0 = Debug|Any CPU
		{C4619FEF-F44F-45EE-9473-5C80BC72E866}.Debug|Any CPU (For Cloud Components).ActiveCfg = Debug|Any CPU
		{C4619FEF-F44F-45EE-9473-5C80BC72E866}.Debug|Any CPU (For Cloud Components).Build.0 = Debug|Any CPU
		{C4619FEF-F44F-45EE-9473-5C80BC72E866}.Debug|ARM.ActiveCfg = Debug|Any CPU
		{C4619FEF-F44F-45EE-9473-5C80BC72E866}.Debug|ARM.Build.0 = Debug|Any CPU
		{C4619FEF-F44F-45EE-9473-5C80BC72E866}.Debug|ARM (For Raspberry Pi).ActiveCfg = Debug|Any CPU
		{C4619FEF-F44F-45EE-9473-5C80BC72E866}.Debug|x64.ActiveCfg = Debug|Any CPU
		{C4619FEF-F44F-45EE-9473-5C80BC72E866}.Debug|x64.Build.0 = Debug|Any CPU
		{C4619FEF-F44F-45EE-9473-5C80BC72E866}.Debug|x86.ActiveCfg = Debug|x86
		{C4619FEF-F44F-45EE-9473-5C80BC72E866}.Debug|x86.Build.0 = Debug|x86
		{C4619FEF-F44F-45EE-9473-5C80BC72E866}.Debug|x86 (For local).ActiveCfg = Debug|x86
		{C4619FEF-F44F-45EE-9473-5C80BC72E866}.Debug|x86 (For local).Build.0 = Debug|x86
		{C4619FEF-F44F-45EE-9473-5C80BC72E866}.Release|Any CPU.ActiveCfg = Release|Any CPU
		{C4619FEF-F44F-45EE-9473-5C80BC72E866}.Release|Any CPU.Build.0 = Release|Any CPU
		{C4619FEF-F44F-45EE-9473-5C80BC72E866}.Release|Any CPU (For Cloud Components).ActiveCfg = Release|Any CPU
		{C4619FEF-F44F-45EE-9473-5C80BC72E866}.Release|Any CPU (For Cloud Components).Build.0 = Release|Any CPU
		{C4619FEF-F44F-45EE-9473-5C80BC72E866}.Release|ARM.ActiveCfg = Release|Any CPU
		{C4619FEF-F44F-45EE-9473-5C80BC72E866}.Release|ARM.Build.0 = Release|Any CPU
		{C4619FEF-F44F-45EE-9473-5C80BC72E866}.Release|ARM (For Raspberry Pi).ActiveCfg = Release|Any CPU
		{C4619FEF-F44F-45EE-9473-5C80BC72E866}.Release|x64.ActiveCfg = Release|Any CPU
		{C4619FEF-F44F-45EE-9473-5C80BC72E866}.Release|x64.Build.0 = Release|Any CPU
		{C4619FEF-F44F-45EE-9473-5C80BC72E866}.Release|x86.ActiveCfg = Release|x86
		{C4619FEF-F44F-45EE-9473-5C80BC72E866}.Release|x86.Build.0 = Release|x86
		{C4619FEF-F44F-45EE-9473-5C80BC72E866}.Release|x86 (For local).ActiveCfg = Release|Any CPU
		{7AB8593B-A23C-467A-B8FB-09C9F32ABF54}.Debug|Any CPU.ActiveCfg = Debug|x86
		{7AB8593B-A23C-467A-B8FB-09C9F32ABF54}.Debug|Any CPU (For Cloud Components).ActiveCfg = Debug|x86
		{7AB8593B-A23C-467A-B8FB-09C9F32ABF54}.Debug|ARM.ActiveCfg = Debug|ARM
		{7AB8593B-A23C-467A-B8FB-09C9F32ABF54}.Debug|ARM.Build.0 = Debug|ARM
		{7AB8593B-A23C-467A-B8FB-09C9F32ABF54}.Debug|ARM.Deploy.0 = Debug|ARM
		{7AB8593B-A23C-467A-B8FB-09C9F32ABF54}.Debug|ARM (For Raspberry Pi).ActiveCfg = Debug|ARM
		{7AB8593B-A23C-467A-B8FB-09C9F32ABF54}.Debug|x64.ActiveCfg = Debug|x64
		{7AB8593B-A23C-467A-B8FB-09C9F32ABF54}.Debug|x64.Build.0 = Debug|x64
		{7AB8593B-A23C-467A-B8FB-09C9F32ABF54}.Debug|x64.Deploy.0 = Debug|x64
		{7AB8593B-A23C-467A-B8FB-09C9F32ABF54}.Debug|x86.ActiveCfg = Debug|x86
		{7AB8593B-A23C-467A-B8FB-09C9F32ABF54}.Debug|x86.Build.0 = Debug|x86
		{7AB8593B-A23C-467A-B8FB-09C9F32ABF54}.Debug|x86.Deploy.0 = Debug|x86
		{7AB8593B-A23C-467A-B8FB-09C9F32ABF54}.Debug|x86 (For local).ActiveCfg = Debug|x86
		{7AB8593B-A23C-467A-B8FB-09C9F32ABF54}.Debug|x86 (For local).Build.0 = Debug|x86
		{7AB8593B-A23C-467A-B8FB-09C9F32ABF54}.Release|Any CPU.ActiveCfg = Release|x86
		{7AB8593B-A23C-467A-B8FB-09C9F32ABF54}.Release|Any CPU (For Cloud Components).ActiveCfg = Release|x86
		{7AB8593B-A23C-467A-B8FB-09C9F32ABF54}.Release|ARM.ActiveCfg = Release|ARM
		{7AB8593B-A23C-467A-B8FB-09C9F32ABF54}.Release|ARM.Build.0 = Release|ARM
		{7AB8593B-A23C-467A-B8FB-09C9F32ABF54}.Release|ARM.Deploy.0 = Release|ARM
		{7AB8593B-A23C-467A-B8FB-09C9F32ABF54}.Release|ARM (For Raspberry Pi).ActiveCfg = Release|x86
		{7AB8593B-A23C-467A-B8FB-09C9F32ABF54}.Release|x64.ActiveCfg = Release|x64
		{7AB8593B-A23C-467A-B8FB-09C9F32ABF54}.Release|x64.Build.0 = Release|x64
		{7AB8593B-A23C-467A-B8FB-09C9F32ABF54}.Release|x64.Deploy.0 = Release|x64
		{7AB8593B-A23C-467A-B8FB-09C9F32ABF54}.Release|x86.ActiveCfg = Release|x86
		{7AB8593B-A23C-467A-B8FB-09C9F32ABF54}.Release|x86.Build.0 = Release|x86
		{7AB8593B-A23C-467A-B8FB-09C9F32ABF54}.Release|x86.Deploy.0 = Release|x86
		{7AB8593B-A23C-467A-B8FB-09C9F32ABF54}.Release|x86 (For local).ActiveCfg = Release|x86
		{EE5C16AF-0ACF-4D87-AD5A-D995832DDB6C}.Debug|Any CPU.ActiveCfg = Debug|Any CPU
		{EE5C16AF-0ACF-4D87-AD5A-D995832DDB6C}.Debug|Any CPU.Build.0 = Debug|Any CPU
		{EE5C16AF-0ACF-4D87-AD5A-D995832DDB6C}.Debug|Any CPU (For Cloud Components).ActiveCfg = Debug|Any CPU
		{EE5C16AF-0ACF-4D87-AD5A-D995832DDB6C}.Debug|Any CPU (For Cloud Components).Build.0 = Debug|Any CPU
		{EE5C16AF-0ACF-4D87-AD5A-D995832DDB6C}.Debug|ARM.ActiveCfg = Debug|Any CPU
		{EE5C16AF-0ACF-4D87-AD5A-D995832DDB6C}.Debug|ARM.Build.0 = Debug|Any CPU
		{EE5C16AF-0ACF-4D87-AD5A-D995832DDB6C}.Debug|ARM (For Raspberry Pi).ActiveCfg = Debug|Any CPU
		{EE5C16AF-0ACF-4D87-AD5A-D995832DDB6C}.Debug|ARM (For Raspberry Pi).Build.0 = Debug|Any CPU
		{EE5C16AF-0ACF-4D87-AD5A-D995832DDB6C}.Debug|x64.ActiveCfg = Debug|Any CPU
		{EE5C16AF-0ACF-4D87-AD5A-D995832DDB6C}.Debug|x64.Build.0 = Debug|Any CPU
		{EE5C16AF-0ACF-4D87-AD5A-D995832DDB6C}.Debug|x86.ActiveCfg = Debug|Any CPU
		{EE5C16AF-0ACF-4D87-AD5A-D995832DDB6C}.Debug|x86.Build.0 = Debug|Any CPU
		{EE5C16AF-0ACF-4D87-AD5A-D995832DDB6C}.Debug|x86 (For local).ActiveCfg = Debug|Any CPU
		{EE5C16AF-0ACF-4D87-AD5A-D995832DDB6C}.Debug|x86 (For local).Build.0 = Debug|Any CPU
		{EE5C16AF-0ACF-4D87-AD5A-D995832DDB6C}.Release|Any CPU.ActiveCfg = Release|Any CPU
		{EE5C16AF-0ACF-4D87-AD5A-D995832DDB6C}.Release|Any CPU.Build.0 = Release|Any CPU
		{EE5C16AF-0ACF-4D87-AD5A-D995832DDB6C}.Release|Any CPU (For Cloud Components).ActiveCfg = Release|Any CPU
		{EE5C16AF-0ACF-4D87-AD5A-D995832DDB6C}.Release|Any CPU (For Cloud Components).Build.0 = Release|Any CPU
		{EE5C16AF-0ACF-4D87-AD5A-D995832DDB6C}.Release|ARM.ActiveCfg = Release|Any CPU
		{EE5C16AF-0ACF-4D87-AD5A-D995832DDB6C}.Release|ARM.Build.0 = Release|Any CPU
		{EE5C16AF-0ACF-4D87-AD5A-D995832DDB6C}.Release|ARM (For Raspberry Pi).ActiveCfg = Release|Any CPU
		{EE5C16AF-0ACF-4D87-AD5A-D995832DDB6C}.Release|ARM (For Raspberry Pi).Build.0 = Release|Any CPU
		{EE5C16AF-0ACF-4D87-AD5A-D995832DDB6C}.Release|x64.ActiveCfg = Release|Any CPU
		{EE5C16AF-0ACF-4D87-AD5A-D995832DDB6C}.Release|x64.Build.0 = Release|Any CPU
		{EE5C16AF-0ACF-4D87-AD5A-D995832DDB6C}.Release|x86.ActiveCfg = Release|Any CPU
		{EE5C16AF-0ACF-4D87-AD5A-D995832DDB6C}.Release|x86.Build.0 = Release|Any CPU
		{EE5C16AF-0ACF-4D87-AD5A-D995832DDB6C}.Release|x86 (For local).ActiveCfg = Release|Any CPU
		{EE5C16AF-0ACF-4D87-AD5A-D995832DDB6C}.Release|x86 (For local).Build.0 = Release|Any CPU
		{50737D30-AD0D-4832-B675-FDA4C27C58CA}.Debug|Any CPU.ActiveCfg = Debug|Any CPU
		{50737D30-AD0D-4832-B675-FDA4C27C58CA}.Debug|Any CPU.Build.0 = Debug|Any CPU
		{50737D30-AD0D-4832-B675-FDA4C27C58CA}.Debug|Any CPU (For Cloud Components).ActiveCfg = Debug|Any CPU
		{50737D30-AD0D-4832-B675-FDA4C27C58CA}.Debug|Any CPU (For Cloud Components).Build.0 = Debug|Any CPU
		{50737D30-AD0D-4832-B675-FDA4C27C58CA}.Debug|ARM.ActiveCfg = Debug|Any CPU
		{50737D30-AD0D-4832-B675-FDA4C27C58CA}.Debug|ARM.Build.0 = Debug|Any CPU
		{50737D30-AD0D-4832-B675-FDA4C27C58CA}.Debug|ARM (For Raspberry Pi).ActiveCfg = Debug|Any CPU
		{50737D30-AD0D-4832-B675-FDA4C27C58CA}.Debug|ARM (For Raspberry Pi).Build.0 = Debug|Any CPU
		{50737D30-AD0D-4832-B675-FDA4C27C58CA}.Debug|x64.ActiveCfg = Debug|Any CPU
		{50737D30-AD0D-4832-B675-FDA4C27C58CA}.Debug|x64.Build.0 = Debug|Any CPU
		{50737D30-AD0D-4832-B675-FDA4C27C58CA}.Debug|x86.ActiveCfg = Debug|Any CPU
		{50737D30-AD0D-4832-B675-FDA4C27C58CA}.Debug|x86.Build.0 = Debug|Any CPU
		{50737D30-AD0D-4832-B675-FDA4C27C58CA}.Debug|x86 (For local).ActiveCfg = Debug|Any CPU
		{50737D30-AD0D-4832-B675-FDA4C27C58CA}.Debug|x86 (For local).Build.0 = Debug|Any CPU
		{50737D30-AD0D-4832-B675-FDA4C27C58CA}.Release|Any CPU.ActiveCfg = Release|Any CPU
		{50737D30-AD0D-4832-B675-FDA4C27C58CA}.Release|Any CPU.Build.0 = Release|Any CPU
		{50737D30-AD0D-4832-B675-FDA4C27C58CA}.Release|Any CPU (For Cloud Components).ActiveCfg = Release|Any CPU
		{50737D30-AD0D-4832-B675-FDA4C27C58CA}.Release|Any CPU (For Cloud Components).Build.0 = Release|Any CPU
		{50737D30-AD0D-4832-B675-FDA4C27C58CA}.Release|ARM.ActiveCfg = Release|Any CPU
		{50737D30-AD0D-4832-B675-FDA4C27C58CA}.Release|ARM.Build.0 = Release|Any CPU
		{50737D30-AD0D-4832-B675-FDA4C27C58CA}.Release|ARM (For Raspberry Pi).ActiveCfg = Release|Any CPU
		{50737D30-AD0D-4832-B675-FDA4C27C58CA}.Release|ARM (For Raspberry Pi).Build.0 = Release|Any CPU
		{50737D30-AD0D-4832-B675-FDA4C27C58CA}.Release|x64.ActiveCfg = Release|Any CPU
		{50737D30-AD0D-4832-B675-FDA4C27C58CA}.Release|x64.Build.0 = Release|Any CPU
		{50737D30-AD0D-4832-B675-FDA4C27C58CA}.Release|x86.ActiveCfg = Release|Any CPU
		{50737D30-AD0D-4832-B675-FDA4C27C58CA}.Release|x86.Build.0 = Release|Any CPU
		{50737D30-AD0D-4832-B675-FDA4C27C58CA}.Release|x86 (For local).ActiveCfg = Release|Any CPU
		{50737D30-AD0D-4832-B675-FDA4C27C58CA}.Release|x86 (For local).Build.0 = Release|Any CPU
		{0D7D0870-8888-4742-9CFD-F8EF2C3A50D8}.Debug|Any CPU.ActiveCfg = Debug|Any CPU
		{0D7D0870-8888-4742-9CFD-F8EF2C3A50D8}.Debug|Any CPU.Build.0 = Debug|Any CPU
		{0D7D0870-8888-4742-9CFD-F8EF2C3A50D8}.Debug|Any CPU (For Cloud Components).ActiveCfg = Debug|Any CPU
		{0D7D0870-8888-4742-9CFD-F8EF2C3A50D8}.Debug|Any CPU (For Cloud Components).Build.0 = Debug|Any CPU
		{0D7D0870-8888-4742-9CFD-F8EF2C3A50D8}.Debug|ARM.ActiveCfg = Debug|ARM
		{0D7D0870-8888-4742-9CFD-F8EF2C3A50D8}.Debug|ARM.Build.0 = Debug|ARM
		{0D7D0870-8888-4742-9CFD-F8EF2C3A50D8}.Debug|ARM (For Raspberry Pi).ActiveCfg = Debug|Any CPU
		{0D7D0870-8888-4742-9CFD-F8EF2C3A50D8}.Debug|ARM (For Raspberry Pi).Build.0 = Debug|Any CPU
		{0D7D0870-8888-4742-9CFD-F8EF2C3A50D8}.Debug|x64.ActiveCfg = Debug|x64
		{0D7D0870-8888-4742-9CFD-F8EF2C3A50D8}.Debug|x64.Build.0 = Debug|x64
		{0D7D0870-8888-4742-9CFD-F8EF2C3A50D8}.Debug|x86.ActiveCfg = Debug|x86
		{0D7D0870-8888-4742-9CFD-F8EF2C3A50D8}.Debug|x86.Build.0 = Debug|x86
		{0D7D0870-8888-4742-9CFD-F8EF2C3A50D8}.Debug|x86 (For local).ActiveCfg = Debug|Any CPU
		{0D7D0870-8888-4742-9CFD-F8EF2C3A50D8}.Debug|x86 (For local).Build.0 = Debug|Any CPU
		{0D7D0870-8888-4742-9CFD-F8EF2C3A50D8}.Release|Any CPU.ActiveCfg = Release|Any CPU
		{0D7D0870-8888-4742-9CFD-F8EF2C3A50D8}.Release|Any CPU.Build.0 = Release|Any CPU
		{0D7D0870-8888-4742-9CFD-F8EF2C3A50D8}.Release|Any CPU (For Cloud Components).ActiveCfg = Release|Any CPU
		{0D7D0870-8888-4742-9CFD-F8EF2C3A50D8}.Release|Any CPU (For Cloud Components).Build.0 = Release|Any CPU
		{0D7D0870-8888-4742-9CFD-F8EF2C3A50D8}.Release|ARM.ActiveCfg = Release|ARM
		{0D7D0870-8888-4742-9CFD-F8EF2C3A50D8}.Release|ARM.Build.0 = Release|ARM
		{0D7D0870-8888-4742-9CFD-F8EF2C3A50D8}.Release|ARM (For Raspberry Pi).ActiveCfg = Release|Any CPU
		{0D7D0870-8888-4742-9CFD-F8EF2C3A50D8}.Release|ARM (For Raspberry Pi).Build.0 = Release|Any CPU
		{0D7D0870-8888-4742-9CFD-F8EF2C3A50D8}.Release|x64.ActiveCfg = Release|x64
		{0D7D0870-8888-4742-9CFD-F8EF2C3A50D8}.Release|x64.Build.0 = Release|x64
		{0D7D0870-8888-4742-9CFD-F8EF2C3A50D8}.Release|x86.ActiveCfg = Release|x86
		{0D7D0870-8888-4742-9CFD-F8EF2C3A50D8}.Release|x86.Build.0 = Release|x86
		{0D7D0870-8888-4742-9CFD-F8EF2C3A50D8}.Release|x86 (For local).ActiveCfg = Release|Any CPU
		{0D7D0870-8888-4742-9CFD-F8EF2C3A50D8}.Release|x86 (For local).Build.0 = Release|Any CPU
		{609FF0FC-2CFA-4A3E-9166-19A34245E323}.Debug|Any CPU.ActiveCfg = Debug|x86
		{609FF0FC-2CFA-4A3E-9166-19A34245E323}.Debug|Any CPU (For Cloud Components).ActiveCfg = Debug|x86
		{609FF0FC-2CFA-4A3E-9166-19A34245E323}.Debug|ARM.ActiveCfg = Debug|ARM
		{609FF0FC-2CFA-4A3E-9166-19A34245E323}.Debug|ARM.Build.0 = Debug|ARM
		{609FF0FC-2CFA-4A3E-9166-19A34245E323}.Debug|ARM.Deploy.0 = Debug|ARM
		{609FF0FC-2CFA-4A3E-9166-19A34245E323}.Debug|ARM (For Raspberry Pi).ActiveCfg = Debug|x86
		{609FF0FC-2CFA-4A3E-9166-19A34245E323}.Debug|x64.ActiveCfg = Debug|x64
		{609FF0FC-2CFA-4A3E-9166-19A34245E323}.Debug|x64.Build.0 = Debug|x64
		{609FF0FC-2CFA-4A3E-9166-19A34245E323}.Debug|x64.Deploy.0 = Debug|x64
		{609FF0FC-2CFA-4A3E-9166-19A34245E323}.Debug|x86.ActiveCfg = Debug|x86
		{609FF0FC-2CFA-4A3E-9166-19A34245E323}.Debug|x86.Build.0 = Debug|x86
		{609FF0FC-2CFA-4A3E-9166-19A34245E323}.Debug|x86.Deploy.0 = Debug|x86
		{609FF0FC-2CFA-4A3E-9166-19A34245E323}.Debug|x86 (For local).ActiveCfg = Debug|x86
		{609FF0FC-2CFA-4A3E-9166-19A34245E323}.Release|Any CPU.ActiveCfg = Release|x86
		{609FF0FC-2CFA-4A3E-9166-19A34245E323}.Release|Any CPU (For Cloud Components).ActiveCfg = Release|x86
		{609FF0FC-2CFA-4A3E-9166-19A34245E323}.Release|ARM.ActiveCfg = Release|ARM
		{609FF0FC-2CFA-4A3E-9166-19A34245E323}.Release|ARM.Build.0 = Release|ARM
		{609FF0FC-2CFA-4A3E-9166-19A34245E323}.Release|ARM.Deploy.0 = Release|ARM
		{609FF0FC-2CFA-4A3E-9166-19A34245E323}.Release|ARM (For Raspberry Pi).ActiveCfg = Release|x86
		{609FF0FC-2CFA-4A3E-9166-19A34245E323}.Release|x64.ActiveCfg = Release|x64
		{609FF0FC-2CFA-4A3E-9166-19A34245E323}.Release|x64.Build.0 = Release|x64
		{609FF0FC-2CFA-4A3E-9166-19A34245E323}.Release|x64.Deploy.0 = Release|x64
		{609FF0FC-2CFA-4A3E-9166-19A34245E323}.Release|x86.ActiveCfg = Release|x86
		{609FF0FC-2CFA-4A3E-9166-19A34245E323}.Release|x86.Build.0 = Release|x86
		{609FF0FC-2CFA-4A3E-9166-19A34245E323}.Release|x86.Deploy.0 = Release|x86
		{609FF0FC-2CFA-4A3E-9166-19A34245E323}.Release|x86 (For local).ActiveCfg = Release|x86
		{B309D329-616A-49B3-B713-A45CAAA3228E}.Debug|Any CPU.ActiveCfg = Debug|Any CPU
		{B309D329-616A-49B3-B713-A45CAAA3228E}.Debug|Any CPU.Build.0 = Debug|Any CPU
		{B309D329-616A-49B3-B713-A45CAAA3228E}.Debug|Any CPU (For Cloud Components).ActiveCfg = Debug|Any CPU
		{B309D329-616A-49B3-B713-A45CAAA3228E}.Debug|Any CPU (For Cloud Components).Build.0 = Debug|Any CPU
		{B309D329-616A-49B3-B713-A45CAAA3228E}.Debug|ARM.ActiveCfg = Debug|Any CPU
		{B309D329-616A-49B3-B713-A45CAAA3228E}.Debug|ARM.Build.0 = Debug|Any CPU
		{B309D329-616A-49B3-B713-A45CAAA3228E}.Debug|ARM (For Raspberry Pi).ActiveCfg = Debug|Any CPU
		{B309D329-616A-49B3-B713-A45CAAA3228E}.Debug|ARM (For Raspberry Pi).Build.0 = Debug|Any CPU
		{B309D329-616A-49B3-B713-A45CAAA3228E}.Debug|x64.ActiveCfg = Debug|Any CPU
		{B309D329-616A-49B3-B713-A45CAAA3228E}.Debug|x64.Build.0 = Debug|Any CPU
		{B309D329-616A-49B3-B713-A45CAAA3228E}.Debug|x86.ActiveCfg = Debug|Any CPU
		{B309D329-616A-49B3-B713-A45CAAA3228E}.Debug|x86.Build.0 = Debug|Any CPU
		{B309D329-616A-49B3-B713-A45CAAA3228E}.Debug|x86 (For local).ActiveCfg = Debug|Any CPU
		{B309D329-616A-49B3-B713-A45CAAA3228E}.Debug|x86 (For local).Build.0 = Debug|Any CPU
		{B309D329-616A-49B3-B713-A45CAAA3228E}.Release|Any CPU.ActiveCfg = Release|Any CPU
		{B309D329-616A-49B3-B713-A45CAAA3228E}.Release|Any CPU.Build.0 = Release|Any CPU
		{B309D329-616A-49B3-B713-A45CAAA3228E}.Release|Any CPU (For Cloud Components).ActiveCfg = Release|Any CPU
		{B309D329-616A-49B3-B713-A45CAAA3228E}.Release|Any CPU (For Cloud Components).Build.0 = Release|Any CPU
		{B309D329-616A-49B3-B713-A45CAAA3228E}.Release|ARM.ActiveCfg = Release|Any CPU
		{B309D329-616A-49B3-B713-A45CAAA3228E}.Release|ARM.Build.0 = Release|Any CPU
		{B309D329-616A-49B3-B713-A45CAAA3228E}.Release|ARM (For Raspberry Pi).ActiveCfg = Release|Any CPU
		{B309D329-616A-49B3-B713-A45CAAA3228E}.Release|ARM (For Raspberry Pi).Build.0 = Release|Any CPU
		{B309D329-616A-49B3-B713-A45CAAA3228E}.Release|x64.ActiveCfg = Release|Any CPU
		{B309D329-616A-49B3-B713-A45CAAA3228E}.Release|x64.Build.0 = Release|Any CPU
		{B309D329-616A-49B3-B713-A45CAAA3228E}.Release|x86.ActiveCfg = Release|Any CPU
		{B309D329-616A-49B3-B713-A45CAAA3228E}.Release|x86.Build.0 = Release|Any CPU
		{B309D329-616A-49B3-B713-A45CAAA3228E}.Release|x86 (For local).ActiveCfg = Release|Any CPU
		{B309D329-616A-49B3-B713-A45CAAA3228E}.Release|x86 (For local).Build.0 = Release|Any CPU
		{8B19F545-AE8B-4EE9-B1B4-52C13F71DACC}.Debug|Any CPU.ActiveCfg = Debug|Any CPU
		{8B19F545-AE8B-4EE9-B1B4-52C13F71DACC}.Debug|Any CPU.Build.0 = Debug|Any CPU
		{8B19F545-AE8B-4EE9-B1B4-52C13F71DACC}.Debug|Any CPU (For Cloud Components).ActiveCfg = Debug|Any CPU
		{8B19F545-AE8B-4EE9-B1B4-52C13F71DACC}.Debug|Any CPU (For Cloud Components).Build.0 = Debug|Any CPU
		{8B19F545-AE8B-4EE9-B1B4-52C13F71DACC}.Debug|ARM.ActiveCfg = Debug|Any CPU
		{8B19F545-AE8B-4EE9-B1B4-52C13F71DACC}.Debug|ARM.Build.0 = Debug|Any CPU
		{8B19F545-AE8B-4EE9-B1B4-52C13F71DACC}.Debug|ARM (For Raspberry Pi).ActiveCfg = Debug|Any CPU
		{8B19F545-AE8B-4EE9-B1B4-52C13F71DACC}.Debug|ARM (For Raspberry Pi).Build.0 = Debug|Any CPU
		{8B19F545-AE8B-4EE9-B1B4-52C13F71DACC}.Debug|x64.ActiveCfg = Debug|Any CPU
		{8B19F545-AE8B-4EE9-B1B4-52C13F71DACC}.Debug|x64.Build.0 = Debug|Any CPU
		{8B19F545-AE8B-4EE9-B1B4-52C13F71DACC}.Debug|x86.ActiveCfg = Debug|Any CPU
		{8B19F545-AE8B-4EE9-B1B4-52C13F71DACC}.Debug|x86.Build.0 = Debug|Any CPU
		{8B19F545-AE8B-4EE9-B1B4-52C13F71DACC}.Debug|x86 (For local).ActiveCfg = Debug|Any CPU
		{8B19F545-AE8B-4EE9-B1B4-52C13F71DACC}.Debug|x86 (For local).Build.0 = Debug|Any CPU
		{8B19F545-AE8B-4EE9-B1B4-52C13F71DACC}.Release|Any CPU.ActiveCfg = Release|Any CPU
		{8B19F545-AE8B-4EE9-B1B4-52C13F71DACC}.Release|Any CPU.Build.0 = Release|Any CPU
		{8B19F545-AE8B-4EE9-B1B4-52C13F71DACC}.Release|Any CPU (For Cloud Components).ActiveCfg = Release|Any CPU
		{8B19F545-AE8B-4EE9-B1B4-52C13F71DACC}.Release|Any CPU (For Cloud Components).Build.0 = Release|Any CPU
		{8B19F545-AE8B-4EE9-B1B4-52C13F71DACC}.Release|ARM.ActiveCfg = Release|Any CPU
		{8B19F545-AE8B-4EE9-B1B4-52C13F71DACC}.Release|ARM.Build.0 = Release|Any CPU
		{8B19F545-AE8B-4EE9-B1B4-52C13F71DACC}.Release|ARM (For Raspberry Pi).ActiveCfg = Release|Any CPU
		{8B19F545-AE8B-4EE9-B1B4-52C13F71DACC}.Release|ARM (For Raspberry Pi).Build.0 = Release|Any CPU
		{8B19F545-AE8B-4EE9-B1B4-52C13F71DACC}.Release|x64.ActiveCfg = Release|Any CPU
		{8B19F545-AE8B-4EE9-B1B4-52C13F71DACC}.Release|x64.Build.0 = Release|Any CPU
		{8B19F545-AE8B-4EE9-B1B4-52C13F71DACC}.Release|x86.ActiveCfg = Release|Any CPU
		{8B19F545-AE8B-4EE9-B1B4-52C13F71DACC}.Release|x86.Build.0 = Release|Any CPU
		{8B19F545-AE8B-4EE9-B1B4-52C13F71DACC}.Release|x86 (For local).ActiveCfg = Release|Any CPU
		{8B19F545-AE8B-4EE9-B1B4-52C13F71DACC}.Release|x86 (For local).Build.0 = Release|Any CPU
		{56F260CD-B2F5-4FB4-B6A0-05C595CC042E}.Debug|Any CPU.ActiveCfg = Debug|Any CPU
		{56F260CD-B2F5-4FB4-B6A0-05C595CC042E}.Debug|Any CPU.Build.0 = Debug|Any CPU
		{56F260CD-B2F5-4FB4-B6A0-05C595CC042E}.Debug|Any CPU (For Cloud Components).ActiveCfg = Debug|Any CPU
		{56F260CD-B2F5-4FB4-B6A0-05C595CC042E}.Debug|Any CPU (For Cloud Components).Build.0 = Debug|Any CPU
		{56F260CD-B2F5-4FB4-B6A0-05C595CC042E}.Debug|ARM.ActiveCfg = Debug|Any CPU
		{56F260CD-B2F5-4FB4-B6A0-05C595CC042E}.Debug|ARM.Build.0 = Debug|Any CPU
		{56F260CD-B2F5-4FB4-B6A0-05C595CC042E}.Debug|ARM (For Raspberry Pi).ActiveCfg = Debug|Any CPU
		{56F260CD-B2F5-4FB4-B6A0-05C595CC042E}.Debug|ARM (For Raspberry Pi).Build.0 = Debug|Any CPU
		{56F260CD-B2F5-4FB4-B6A0-05C595CC042E}.Debug|x64.ActiveCfg = Debug|Any CPU
		{56F260CD-B2F5-4FB4-B6A0-05C595CC042E}.Debug|x64.Build.0 = Debug|Any CPU
		{56F260CD-B2F5-4FB4-B6A0-05C595CC042E}.Debug|x86.ActiveCfg = Debug|Any CPU
		{56F260CD-B2F5-4FB4-B6A0-05C595CC042E}.Debug|x86.Build.0 = Debug|Any CPU
		{56F260CD-B2F5-4FB4-B6A0-05C595CC042E}.Debug|x86 (For local).ActiveCfg = Debug|Any CPU
		{56F260CD-B2F5-4FB4-B6A0-05C595CC042E}.Debug|x86 (For local).Build.0 = Debug|Any CPU
		{56F260CD-B2F5-4FB4-B6A0-05C595CC042E}.Release|Any CPU.ActiveCfg = Release|Any CPU
		{56F260CD-B2F5-4FB4-B6A0-05C595CC042E}.Release|Any CPU.Build.0 = Release|Any CPU
		{56F260CD-B2F5-4FB4-B6A0-05C595CC042E}.Release|Any CPU (For Cloud Components).ActiveCfg = Release|Any CPU
		{56F260CD-B2F5-4FB4-B6A0-05C595CC042E}.Release|Any CPU (For Cloud Components).Build.0 = Release|Any CPU
		{56F260CD-B2F5-4FB4-B6A0-05C595CC042E}.Release|ARM.ActiveCfg = Release|Any CPU
		{56F260CD-B2F5-4FB4-B6A0-05C595CC042E}.Release|ARM.Build.0 = Release|Any CPU
		{56F260CD-B2F5-4FB4-B6A0-05C595CC042E}.Release|ARM (For Raspberry Pi).ActiveCfg = Release|Any CPU
		{56F260CD-B2F5-4FB4-B6A0-05C595CC042E}.Release|ARM (For Raspberry Pi).Build.0 = Release|Any CPU
		{56F260CD-B2F5-4FB4-B6A0-05C595CC042E}.Release|x64.ActiveCfg = Release|Any CPU
		{56F260CD-B2F5-4FB4-B6A0-05C595CC042E}.Release|x64.Build.0 = Release|Any CPU
		{56F260CD-B2F5-4FB4-B6A0-05C595CC042E}.Release|x86.ActiveCfg = Release|Any CPU
		{56F260CD-B2F5-4FB4-B6A0-05C595CC042E}.Release|x86.Build.0 = Release|Any CPU
		{56F260CD-B2F5-4FB4-B6A0-05C595CC042E}.Release|x86 (For local).ActiveCfg = Release|Any CPU
		{56F260CD-B2F5-4FB4-B6A0-05C595CC042E}.Release|x86 (For local).Build.0 = Release|Any CPU
		{4F21E05D-E0A2-48BE-BCEC-23D85DC2AE82}.Debug|Any CPU.ActiveCfg = Debug|Any CPU
		{4F21E05D-E0A2-48BE-BCEC-23D85DC2AE82}.Debug|Any CPU.Build.0 = Debug|Any CPU
		{4F21E05D-E0A2-48BE-BCEC-23D85DC2AE82}.Debug|Any CPU (For Cloud Components).ActiveCfg = Debug|Any CPU
		{4F21E05D-E0A2-48BE-BCEC-23D85DC2AE82}.Debug|Any CPU (For Cloud Components).Build.0 = Debug|Any CPU
		{4F21E05D-E0A2-48BE-BCEC-23D85DC2AE82}.Debug|ARM.ActiveCfg = Debug|ARM
		{4F21E05D-E0A2-48BE-BCEC-23D85DC2AE82}.Debug|ARM.Build.0 = Debug|ARM
		{4F21E05D-E0A2-48BE-BCEC-23D85DC2AE82}.Debug|ARM (For Raspberry Pi).ActiveCfg = Debug|Any CPU
		{4F21E05D-E0A2-48BE-BCEC-23D85DC2AE82}.Debug|ARM (For Raspberry Pi).Build.0 = Debug|Any CPU
		{4F21E05D-E0A2-48BE-BCEC-23D85DC2AE82}.Debug|x64.ActiveCfg = Debug|x64
		{4F21E05D-E0A2-48BE-BCEC-23D85DC2AE82}.Debug|x64.Build.0 = Debug|x64
		{4F21E05D-E0A2-48BE-BCEC-23D85DC2AE82}.Debug|x86.ActiveCfg = Debug|x86
		{4F21E05D-E0A2-48BE-BCEC-23D85DC2AE82}.Debug|x86.Build.0 = Debug|x86
		{4F21E05D-E0A2-48BE-BCEC-23D85DC2AE82}.Debug|x86 (For local).ActiveCfg = Debug|Any CPU
		{4F21E05D-E0A2-48BE-BCEC-23D85DC2AE82}.Debug|x86 (For local).Build.0 = Debug|Any CPU
		{4F21E05D-E0A2-48BE-BCEC-23D85DC2AE82}.Release|Any CPU.ActiveCfg = Release|Any CPU
		{4F21E05D-E0A2-48BE-BCEC-23D85DC2AE82}.Release|Any CPU.Build.0 = Release|Any CPU
		{4F21E05D-E0A2-48BE-BCEC-23D85DC2AE82}.Release|Any CPU (For Cloud Components).ActiveCfg = Release|Any CPU
		{4F21E05D-E0A2-48BE-BCEC-23D85DC2AE82}.Release|Any CPU (For Cloud Components).Build.0 = Release|Any CPU
		{4F21E05D-E0A2-48BE-BCEC-23D85DC2AE82}.Release|ARM.ActiveCfg = Release|ARM
		{4F21E05D-E0A2-48BE-BCEC-23D85DC2AE82}.Release|ARM.Build.0 = Release|ARM
		{4F21E05D-E0A2-48BE-BCEC-23D85DC2AE82}.Release|ARM (For Raspberry Pi).ActiveCfg = Release|Any CPU
		{4F21E05D-E0A2-48BE-BCEC-23D85DC2AE82}.Release|ARM (For Raspberry Pi).Build.0 = Release|Any CPU
		{4F21E05D-E0A2-48BE-BCEC-23D85DC2AE82}.Release|x64.ActiveCfg = Release|x64
		{4F21E05D-E0A2-48BE-BCEC-23D85DC2AE82}.Release|x64.Build.0 = Release|x64
		{4F21E05D-E0A2-48BE-BCEC-23D85DC2AE82}.Release|x86.ActiveCfg = Release|x86
		{4F21E05D-E0A2-48BE-BCEC-23D85DC2AE82}.Release|x86.Build.0 = Release|x86
		{4F21E05D-E0A2-48BE-BCEC-23D85DC2AE82}.Release|x86 (For local).ActiveCfg = Release|Any CPU
		{4F21E05D-E0A2-48BE-BCEC-23D85DC2AE82}.Release|x86 (For local).Build.0 = Release|Any CPU
		{01B3C65B-E1FE-4C64-827E-9832FEBBC0A2}.Debug|Any CPU.ActiveCfg = Debug|Any CPU
		{01B3C65B-E1FE-4C64-827E-9832FEBBC0A2}.Debug|Any CPU.Build.0 = Debug|Any CPU
		{01B3C65B-E1FE-4C64-827E-9832FEBBC0A2}.Debug|Any CPU (For Cloud Components).ActiveCfg = Debug|Any CPU
		{01B3C65B-E1FE-4C64-827E-9832FEBBC0A2}.Debug|Any CPU (For Cloud Components).Build.0 = Debug|Any CPU
		{01B3C65B-E1FE-4C64-827E-9832FEBBC0A2}.Debug|ARM.ActiveCfg = Debug|Any CPU
		{01B3C65B-E1FE-4C64-827E-9832FEBBC0A2}.Debug|ARM.Build.0 = Debug|Any CPU
		{01B3C65B-E1FE-4C64-827E-9832FEBBC0A2}.Debug|ARM (For Raspberry Pi).ActiveCfg = Debug|Any CPU
		{01B3C65B-E1FE-4C64-827E-9832FEBBC0A2}.Debug|ARM (For Raspberry Pi).Build.0 = Debug|Any CPU
		{01B3C65B-E1FE-4C64-827E-9832FEBBC0A2}.Debug|x64.ActiveCfg = Debug|Any CPU
		{01B3C65B-E1FE-4C64-827E-9832FEBBC0A2}.Debug|x64.Build.0 = Debug|Any CPU
		{01B3C65B-E1FE-4C64-827E-9832FEBBC0A2}.Debug|x86.ActiveCfg = Debug|Any CPU
		{01B3C65B-E1FE-4C64-827E-9832FEBBC0A2}.Debug|x86.Build.0 = Debug|Any CPU
		{01B3C65B-E1FE-4C64-827E-9832FEBBC0A2}.Debug|x86 (For local).ActiveCfg = Debug|Any CPU
		{01B3C65B-E1FE-4C64-827E-9832FEBBC0A2}.Debug|x86 (For local).Build.0 = Debug|Any CPU
		{01B3C65B-E1FE-4C64-827E-9832FEBBC0A2}.Release|Any CPU.ActiveCfg = Release|Any CPU
		{01B3C65B-E1FE-4C64-827E-9832FEBBC0A2}.Release|Any CPU.Build.0 = Release|Any CPU
		{01B3C65B-E1FE-4C64-827E-9832FEBBC0A2}.Release|Any CPU (For Cloud Components).ActiveCfg = Release|Any CPU
		{01B3C65B-E1FE-4C64-827E-9832FEBBC0A2}.Release|Any CPU (For Cloud Components).Build.0 = Release|Any CPU
		{01B3C65B-E1FE-4C64-827E-9832FEBBC0A2}.Release|ARM.ActiveCfg = Release|Any CPU
		{01B3C65B-E1FE-4C64-827E-9832FEBBC0A2}.Release|ARM.Build.0 = Release|Any CPU
		{01B3C65B-E1FE-4C64-827E-9832FEBBC0A2}.Release|ARM (For Raspberry Pi).ActiveCfg = Release|Any CPU
		{01B3C65B-E1FE-4C64-827E-9832FEBBC0A2}.Release|ARM (For Raspberry Pi).Build.0 = Release|Any CPU
		{01B3C65B-E1FE-4C64-827E-9832FEBBC0A2}.Release|x64.ActiveCfg = Release|Any CPU
		{01B3C65B-E1FE-4C64-827E-9832FEBBC0A2}.Release|x64.Build.0 = Release|Any CPU
		{01B3C65B-E1FE-4C64-827E-9832FEBBC0A2}.Release|x86.ActiveCfg = Release|Any CPU
		{01B3C65B-E1FE-4C64-827E-9832FEBBC0A2}.Release|x86.Build.0 = Release|Any CPU
		{01B3C65B-E1FE-4C64-827E-9832FEBBC0A2}.Release|x86 (For local).ActiveCfg = Release|Any CPU
		{01B3C65B-E1FE-4C64-827E-9832FEBBC0A2}.Release|x86 (For local).Build.0 = Release|Any CPU
		{0011A03D-A667-4F05-BDE8-33883C8C1B40}.Debug|Any CPU.ActiveCfg = Debug|Any CPU
		{0011A03D-A667-4F05-BDE8-33883C8C1B40}.Debug|Any CPU.Build.0 = Debug|Any CPU
		{0011A03D-A667-4F05-BDE8-33883C8C1B40}.Debug|Any CPU (For Cloud Components).ActiveCfg = Debug|Any CPU
		{0011A03D-A667-4F05-BDE8-33883C8C1B40}.Debug|Any CPU (For Cloud Components).Build.0 = Debug|Any CPU
		{0011A03D-A667-4F05-BDE8-33883C8C1B40}.Debug|ARM.ActiveCfg = Debug|Any CPU
		{0011A03D-A667-4F05-BDE8-33883C8C1B40}.Debug|ARM.Build.0 = Debug|Any CPU
		{0011A03D-A667-4F05-BDE8-33883C8C1B40}.Debug|ARM (For Raspberry Pi).ActiveCfg = Debug|Any CPU
		{0011A03D-A667-4F05-BDE8-33883C8C1B40}.Debug|ARM (For Raspberry Pi).Build.0 = Debug|Any CPU
		{0011A03D-A667-4F05-BDE8-33883C8C1B40}.Debug|x64.ActiveCfg = Debug|Any CPU
		{0011A03D-A667-4F05-BDE8-33883C8C1B40}.Debug|x64.Build.0 = Debug|Any CPU
		{0011A03D-A667-4F05-BDE8-33883C8C1B40}.Debug|x86.ActiveCfg = Debug|Any CPU
		{0011A03D-A667-4F05-BDE8-33883C8C1B40}.Debug|x86.Build.0 = Debug|Any CPU
		{0011A03D-A667-4F05-BDE8-33883C8C1B40}.Debug|x86 (For local).ActiveCfg = Debug|Any CPU
		{0011A03D-A667-4F05-BDE8-33883C8C1B40}.Debug|x86 (For local).Build.0 = Debug|Any CPU
		{0011A03D-A667-4F05-BDE8-33883C8C1B40}.Release|Any CPU.ActiveCfg = Release|Any CPU
		{0011A03D-A667-4F05-BDE8-33883C8C1B40}.Release|Any CPU.Build.0 = Release|Any CPU
		{0011A03D-A667-4F05-BDE8-33883C8C1B40}.Release|Any CPU (For Cloud Components).ActiveCfg = Release|Any CPU
		{0011A03D-A667-4F05-BDE8-33883C8C1B40}.Release|Any CPU (For Cloud Components).Build.0 = Release|Any CPU
		{0011A03D-A667-4F05-BDE8-33883C8C1B40}.Release|ARM.ActiveCfg = Release|Any CPU
		{0011A03D-A667-4F05-BDE8-33883C8C1B40}.Release|ARM.Build.0 = Release|Any CPU
		{0011A03D-A667-4F05-BDE8-33883C8C1B40}.Release|ARM (For Raspberry Pi).ActiveCfg = Release|Any CPU
		{0011A03D-A667-4F05-BDE8-33883C8C1B40}.Release|ARM (For Raspberry Pi).Build.0 = Release|Any CPU
		{0011A03D-A667-4F05-BDE8-33883C8C1B40}.Release|x64.ActiveCfg = Release|Any CPU
		{0011A03D-A667-4F05-BDE8-33883C8C1B40}.Release|x64.Build.0 = Release|Any CPU
		{0011A03D-A667-4F05-BDE8-33883C8C1B40}.Release|x86.ActiveCfg = Release|Any CPU
		{0011A03D-A667-4F05-BDE8-33883C8C1B40}.Release|x86.Build.0 = Release|Any CPU
		{0011A03D-A667-4F05-BDE8-33883C8C1B40}.Release|x86 (For local).ActiveCfg = Release|Any CPU
		{0011A03D-A667-4F05-BDE8-33883C8C1B40}.Release|x86 (For local).Build.0 = Release|Any CPU
	EndGlobalSection
	GlobalSection(SolutionProperties) = preSolution
		HideSolutionNode = FALSE
	EndGlobalSection
	GlobalSection(NestedProjects) = preSolution
		{D3634558-2746-441F-BC09-454B1EC7DC1D} = {CED3E271-EE23-4B30-936C-B709F4D176FD}
		{0E8A3855-D428-4CA2-B752-486B61056933} = {20B098BA-1C68-4602-8BBA-902E7E3CA0B4}
		{F931A02F-DCAD-4301-8DAD-B7D722A9C410} = {20B098BA-1C68-4602-8BBA-902E7E3CA0B4}
		{56F4E6B0-8C46-4715-A9F3-00A6573C2CF4} = {CD5D2CCD-44D0-46E5-BE14-3B377048E0A2}
		{F46489CF-4D81-40DD-8EFB-9B4073898A85} = {CD5D2CCD-44D0-46E5-BE14-3B377048E0A2}
		{C4619FEF-F44F-45EE-9473-5C80BC72E866} = {AF6D96DE-60FE-4711-A888-3F6A06AF1628}
		{CED3E271-EE23-4B30-936C-B709F4D176FD} = {CD5D2CCD-44D0-46E5-BE14-3B377048E0A2}
		{89FBD621-449F-4178-9FC7-12244C2A1942} = {CED3E271-EE23-4B30-936C-B709F4D176FD}
		{3EB09DBE-C2E3-43D3-BF91-8494EBCB37F9} = {CED3E271-EE23-4B30-936C-B709F4D176FD}
		{7AB8593B-A23C-467A-B8FB-09C9F32ABF54} = {FC699828-F953-4DA6-978B-EE8BFB988390}
		{EE5C16AF-0ACF-4D87-AD5A-D995832DDB6C} = {982ABB4E-A5DC-4C78-87A3-30BF49DD5764}
		{50737D30-AD0D-4832-B675-FDA4C27C58CA} = {982ABB4E-A5DC-4C78-87A3-30BF49DD5764}
		{0D7D0870-8888-4742-9CFD-F8EF2C3A50D8} = {982ABB4E-A5DC-4C78-87A3-30BF49DD5764}
		{609FF0FC-2CFA-4A3E-9166-19A34245E323} = {982ABB4E-A5DC-4C78-87A3-30BF49DD5764}
		{B309D329-616A-49B3-B713-A45CAAA3228E} = {982ABB4E-A5DC-4C78-87A3-30BF49DD5764}
		{8B19F545-AE8B-4EE9-B1B4-52C13F71DACC} = {FC699828-F953-4DA6-978B-EE8BFB988390}
		{56F260CD-B2F5-4FB4-B6A0-05C595CC042E} = {FC699828-F953-4DA6-978B-EE8BFB988390}
		{4F21E05D-E0A2-48BE-BCEC-23D85DC2AE82} = {FC699828-F953-4DA6-978B-EE8BFB988390}
		{01B3C65B-E1FE-4C64-827E-9832FEBBC0A2} = {FC699828-F953-4DA6-978B-EE8BFB988390}
		{0011A03D-A667-4F05-BDE8-33883C8C1B40} = {FC699828-F953-4DA6-978B-EE8BFB988390}
	EndGlobalSection
	GlobalSection(ExtensibilityGlobals) = postSolution
		SolutionGuid = {67048500-54F1-4071-B01E-6215AD81A909}
	EndGlobalSection
EndGlobal
