
Microsoft Visual Studio Solution File, Format Version 12.00
# Visual Studio 15
VisualStudioVersion = 15.0.27130.2036
MinimumVisualStudioVersion = 10.0.40219.1
Project("{2150E333-8FDC-42A3-9474-1A3956D46DE8}") = "Controllers", "Controllers", "{CD5D2CCD-44D0-46E5-BE14-3B377048E0A2}"
EndProject
Project("{2150E333-8FDC-42A3-9474-1A3956D46DE8}") = "Core", "Core", "{982ABB4E-A5DC-4C78-87A3-30BF49DD5764}"
EndProject
Project("{2150E333-8FDC-42A3-9474-1A3956D46DE8}") = "App", "App", "{20B098BA-1C68-4602-8BBA-902E7E3CA0B4}"
	ProjectSection(SolutionItems) = preProject
		App\DeployApps.ps1 = App\DeployApps.ps1
	EndProjectSection
EndProject
Project("{FAE04EC0-301F-11D3-BF4B-00C04F79EFBC}") = "WirehomeT.Controller.Main", "Controllers\Examples\HA4IoT.Controller.Main\WirehomeT.Controller.Main.csproj", "{D3634558-2746-441F-BC09-454B1EC7DC1D}"
EndProject
Project("{FAE04EC0-301F-11D3-BF4B-00C04F79EFBC}") = "Wirehome.Service", "Controllers\HA4IoT.Controller\Wirehome.Service.csproj", "{56F4E6B0-8C46-4715-A9F3-00A6573C2CF4}"
EndProject
Project("{FAE04EC0-301F-11D3-BF4B-00C04F79EFBC}") = "Wirehome.Simulator", "Controllers\HA4IoT.Simulator\Wirehome.Simulator.csproj", "{F46489CF-4D81-40DD-8EFB-9B4073898A85}"
EndProject
Project("{2150E333-8FDC-42A3-9474-1A3956D46DE8}") = "Cloud", "Cloud", "{AF6D96DE-60FE-4711-A888-3F6A06AF1628}"
EndProject
Project("{FAE04EC0-301F-11D3-BF4B-00C04F79EFBC}") = "Wirehome.CloudApi", "Cloud\HA4IoT.CloudApi\Wirehome.CloudApi.csproj", "{C4619FEF-F44F-45EE-9473-5C80BC72E866}"
EndProject
Project("{2150E333-8FDC-42A3-9474-1A3956D46DE8}") = "Examples", "Examples", "{CED3E271-EE23-4B30-936C-B709F4D176FD}"
EndProject
Project("{2150E333-8FDC-42A3-9474-1A3956D46DE8}") = "Apartment", "Apartment", "{89FBD621-449F-4178-9FC7-12244C2A1942}"
	ProjectSection(SolutionItems) = preProject
		Controllers\Examples\Apartment\Configuration-Areas.json = Controllers\Examples\Apartment\Configuration-Areas.json
		Controllers\Examples\Apartment\Configuration-Devices.json = Controllers\Examples\Apartment\Configuration-Devices.json
		Controllers\Examples\Apartment\Configuration-Interrupts.json = Controllers\Examples\Apartment\Configuration-Interrupts.json
		Controllers\Examples\Apartment\Configuration-RemoteSockets.json = Controllers\Examples\Apartment\Configuration-RemoteSockets.json
		Controllers\Examples\Apartment\Configuration.json = Controllers\Examples\Apartment\Configuration.json
	EndProjectSection
EndProject
Project("{2150E333-8FDC-42A3-9474-1A3956D46DE8}") = "Garden", "Garden", "{3EB09DBE-C2E3-43D3-BF91-8494EBCB37F9}"
	ProjectSection(SolutionItems) = preProject
		Controllers\Examples\Garden\Configuration.json = Controllers\Examples\Garden\Configuration.json
	EndProjectSection
EndProject
Project("{2150E333-8FDC-42A3-9474-1A3956D46DE8}") = "Extensions", "Extensions", "{FC699828-F953-4DA6-978B-EE8BFB988390}"
EndProject
Project("{9A19103F-16F7-4668-BE54-9A1E7A4F7556}") = "Wirehome.Contracts", "Core\Wirehome.Contracts\Wirehome.Contracts.csproj", "{EE5C16AF-0ACF-4D87-AD5A-D995832DDB6C}"
EndProject
Project("{9A19103F-16F7-4668-BE54-9A1E7A4F7556}") = "Wirehome", "Core\Wirehome\Wirehome.csproj", "{50737D30-AD0D-4832-B675-FDA4C27C58CA}"
EndProject
Project("{9A19103F-16F7-4668-BE54-9A1E7A4F7556}") = "Wirehome.Tests", "Core\Wirehome.Tests\Wirehome.Tests.csproj", "{B309D329-616A-49B3-B713-A45CAAA3228E}"
EndProject
Project("{FAE04EC0-301F-11D3-BF4B-00C04F79EFBC}") = "Wirehome.Raspberry", "Core\Wirehome.Raspberry\Wirehome.Raspberry.csproj", "{0D7D0870-8888-4742-9CFD-F8EF2C3A50D8}"
EndProject
Project("{9A19103F-16F7-4668-BE54-9A1E7A4F7556}") = "Wirehome.Extensions", "Extensions\Wirehome.Extensions\Wirehome.Extensions.csproj", "{118EF925-83FF-456E-9898-34DA5EE417EF}"
EndProject
Project("{9A19103F-16F7-4668-BE54-9A1E7A4F7556}") = "Wirehome.Extensions.Tests", "Extensions\Wirehome.Extensions.Tests\Wirehome.Extensions.Tests.csproj", "{EF3F54E4-3236-4C1C-B594-280AFC35893A}"
EndProject
Project("{9A19103F-16F7-4668-BE54-9A1E7A4F7556}") = "Wirehome.WindowsService", "Extensions\Wirehome.WindowsService\Wirehome.WindowsService.csproj", "{6FD3FCE8-2F1F-493E-BDAB-3F2C6B2F3EFC}"
EndProject
Project("{9A19103F-16F7-4668-BE54-9A1E7A4F7556}") = "Wirehome.WindowsService.Core", "Extensions\Wirehome.WindowsService.Core\Wirehome.WindowsService.Core.csproj", "{DAC06671-DE50-467F-A1D3-40822A8D34C4}"
EndProject
Project("{FAE04EC0-301F-11D3-BF4B-00C04F79EFBC}") = "Wirehome.Controller.Dnf", "Extensions\Wirehome.Controller.Dnf\Wirehome.Controller.Dnf.csproj", "{3B74528D-2D22-406E-AA43-DC2F47CDC5C1}"
EndProject
Project("{FAE04EC0-301F-11D3-BF4B-00C04F79EFBC}") = "Wirehome.ManagementApp", "App\Wirehome.ManagementApp\Wirehome.ManagementApp.csproj", "{F931A02F-DCAD-4301-8DAD-B7D722A9C410}"
EndProject
Project("{FAE04EC0-301F-11D3-BF4B-00C04F79EFBC}") = "Wirehome.WebApp", "App\Wirehome.WebApp\Wirehome.WebApp.csproj", "{0E8A3855-D428-4CA2-B752-486B61056933}"
EndProject
Project("{2150E333-8FDC-42A3-9474-1A3956D46DE8}") = "Tools", "Tools", "{5147FD81-1D79-47C4-B5D3-9A5965CDED1A}"
EndProject
Project("{9A19103F-16F7-4668-BE54-9A1E7A4F7556}") = "SonyBraviaRegisterTool", "Extensions\Tools\SonyBraviaRegisterTool\SonyBraviaRegisterTool.csproj", "{C90F81F0-E8BD-42F2-BE79-59CC32E7C886}"
EndProject
Project("{9A19103F-16F7-4668-BE54-9A1E7A4F7556}") = "Wirehome.Alexa.Service", "Extensions\Wirehome.Alexa.Service\Wirehome.Alexa.Service.csproj", "{85247C7A-2FB7-4129-B18C-E4305DE26214}"
EndProject
Project("{9A19103F-16F7-4668-BE54-9A1E7A4F7556}") = "Wirehome.Alexa.OAuth", "Extensions\Wirehome.Alexa.OAuth\Wirehome.Alexa.OAuth.csproj", "{5C68D46C-4687-4766-80CE-A4A13A9169F6}"
EndProject
Project("{9A19103F-16F7-4668-BE54-9A1E7A4F7556}") = "Wirehome.Alexa.Model", "Extensions\Wirehome.Alexa.Model\Wirehome.Alexa.Model.csproj", "{2BC1C5EC-FCB9-4278-9C45-7D477D7F4E66}"
EndProject
Project("{9A19103F-16F7-4668-BE54-9A1E7A4F7556}") = "Wirehome.Core", "Extensions\Wirehome.Core\Wirehome.Core.csproj", "{07450904-B03A-4CAA-9D3D-8EA980E5080E}"
EndProject
Project("{FAE04EC0-301F-11D3-BF4B-00C04F79EFBC}") = "Wirehome.Core.Tests", "Extensions\Wirehome.Core.Tests\Wirehome.Core.Tests.csproj", "{80772C14-18E1-4114-B5CD-12E058713DCE}"
EndProject
Global
	GlobalSection(SolutionConfigurationPlatforms) = preSolution
		Debug|Any CPU = Debug|Any CPU
		Debug|Any CPU (For Cloud Components) = Debug|Any CPU (For Cloud Components)
		Debug|ARM = Debug|ARM
		Debug|ARM (For Raspberry Pi) = Debug|ARM (For Raspberry Pi)
		Debug|x64 = Debug|x64
		Debug|x86 = Debug|x86
		Debug|x86 (For local) = Debug|x86 (For local)
		Release|Any CPU = Release|Any CPU
		Release|Any CPU (For Cloud Components) = Release|Any CPU (For Cloud Components)
		Release|ARM = Release|ARM
		Release|ARM (For Raspberry Pi) = Release|ARM (For Raspberry Pi)
		Release|x64 = Release|x64
		Release|x86 = Release|x86
		Release|x86 (For local) = Release|x86 (For local)
	EndGlobalSection
	GlobalSection(ProjectConfigurationPlatforms) = postSolution
		{D3634558-2746-441F-BC09-454B1EC7DC1D}.Debug|Any CPU.ActiveCfg = Debug|Any CPU
		{D3634558-2746-441F-BC09-454B1EC7DC1D}.Debug|Any CPU.Build.0 = Debug|Any CPU
		{D3634558-2746-441F-BC09-454B1EC7DC1D}.Debug|Any CPU.Deploy.0 = Debug|Any CPU
		{D3634558-2746-441F-BC09-454B1EC7DC1D}.Debug|Any CPU (For Cloud Components).ActiveCfg = Debug|x86
		{D3634558-2746-441F-BC09-454B1EC7DC1D}.Debug|ARM.ActiveCfg = Debug|ARM
		{D3634558-2746-441F-BC09-454B1EC7DC1D}.Debug|ARM.Build.0 = Debug|ARM
		{D3634558-2746-441F-BC09-454B1EC7DC1D}.Debug|ARM.Deploy.0 = Debug|ARM
		{D3634558-2746-441F-BC09-454B1EC7DC1D}.Debug|ARM (For Raspberry Pi).ActiveCfg = Debug|ARM
		{D3634558-2746-441F-BC09-454B1EC7DC1D}.Debug|ARM (For Raspberry Pi).Build.0 = Debug|ARM
		{D3634558-2746-441F-BC09-454B1EC7DC1D}.Debug|ARM (For Raspberry Pi).Deploy.0 = Debug|ARM
		{D3634558-2746-441F-BC09-454B1EC7DC1D}.Debug|x64.ActiveCfg = Debug|x64
		{D3634558-2746-441F-BC09-454B1EC7DC1D}.Debug|x64.Build.0 = Debug|x64
		{D3634558-2746-441F-BC09-454B1EC7DC1D}.Debug|x64.Deploy.0 = Debug|x64
		{D3634558-2746-441F-BC09-454B1EC7DC1D}.Debug|x86.ActiveCfg = Debug|x86
		{D3634558-2746-441F-BC09-454B1EC7DC1D}.Debug|x86.Build.0 = Debug|x86
		{D3634558-2746-441F-BC09-454B1EC7DC1D}.Debug|x86.Deploy.0 = Debug|x86
		{D3634558-2746-441F-BC09-454B1EC7DC1D}.Debug|x86 (For local).ActiveCfg = Debug|x86
		{D3634558-2746-441F-BC09-454B1EC7DC1D}.Debug|x86 (For local).Build.0 = Debug|x86
		{D3634558-2746-441F-BC09-454B1EC7DC1D}.Release|Any CPU.ActiveCfg = Release|Any CPU
		{D3634558-2746-441F-BC09-454B1EC7DC1D}.Release|Any CPU.Build.0 = Release|Any CPU
		{D3634558-2746-441F-BC09-454B1EC7DC1D}.Release|Any CPU.Deploy.0 = Release|Any CPU
		{D3634558-2746-441F-BC09-454B1EC7DC1D}.Release|Any CPU (For Cloud Components).ActiveCfg = Release|Any CPU
		{D3634558-2746-441F-BC09-454B1EC7DC1D}.Release|Any CPU (For Cloud Components).Build.0 = Release|Any CPU
		{D3634558-2746-441F-BC09-454B1EC7DC1D}.Release|Any CPU (For Cloud Components).Deploy.0 = Release|Any CPU
		{D3634558-2746-441F-BC09-454B1EC7DC1D}.Release|ARM.ActiveCfg = Release|ARM
		{D3634558-2746-441F-BC09-454B1EC7DC1D}.Release|ARM.Build.0 = Release|ARM
		{D3634558-2746-441F-BC09-454B1EC7DC1D}.Release|ARM.Deploy.0 = Release|ARM
		{D3634558-2746-441F-BC09-454B1EC7DC1D}.Release|ARM (For Raspberry Pi).ActiveCfg = Release|ARM
		{D3634558-2746-441F-BC09-454B1EC7DC1D}.Release|ARM (For Raspberry Pi).Build.0 = Release|ARM
		{D3634558-2746-441F-BC09-454B1EC7DC1D}.Release|ARM (For Raspberry Pi).Deploy.0 = Release|ARM
		{D3634558-2746-441F-BC09-454B1EC7DC1D}.Release|x64.ActiveCfg = Release|x64
		{D3634558-2746-441F-BC09-454B1EC7DC1D}.Release|x64.Build.0 = Release|x64
		{D3634558-2746-441F-BC09-454B1EC7DC1D}.Release|x64.Deploy.0 = Release|x64
		{D3634558-2746-441F-BC09-454B1EC7DC1D}.Release|x86.ActiveCfg = Release|x86
		{D3634558-2746-441F-BC09-454B1EC7DC1D}.Release|x86.Build.0 = Release|x86
		{D3634558-2746-441F-BC09-454B1EC7DC1D}.Release|x86.Deploy.0 = Release|x86
		{D3634558-2746-441F-BC09-454B1EC7DC1D}.Release|x86 (For local).ActiveCfg = Release|x86
		{D3634558-2746-441F-BC09-454B1EC7DC1D}.Release|x86 (For local).Build.0 = Release|x86
		{56F4E6B0-8C46-4715-A9F3-00A6573C2CF4}.Debug|Any CPU.ActiveCfg = Debug|Any CPU
		{56F4E6B0-8C46-4715-A9F3-00A6573C2CF4}.Debug|Any CPU.Build.0 = Debug|Any CPU
		{56F4E6B0-8C46-4715-A9F3-00A6573C2CF4}.Debug|Any CPU.Deploy.0 = Debug|Any CPU
		{56F4E6B0-8C46-4715-A9F3-00A6573C2CF4}.Debug|Any CPU (For Cloud Components).ActiveCfg = Debug|x86
		{56F4E6B0-8C46-4715-A9F3-00A6573C2CF4}.Debug|ARM.ActiveCfg = Debug|ARM
		{56F4E6B0-8C46-4715-A9F3-00A6573C2CF4}.Debug|ARM.Build.0 = Debug|ARM
		{56F4E6B0-8C46-4715-A9F3-00A6573C2CF4}.Debug|ARM.Deploy.0 = Debug|ARM
		{56F4E6B0-8C46-4715-A9F3-00A6573C2CF4}.Debug|ARM (For Raspberry Pi).ActiveCfg = Debug|ARM
		{56F4E6B0-8C46-4715-A9F3-00A6573C2CF4}.Debug|ARM (For Raspberry Pi).Build.0 = Debug|ARM
		{56F4E6B0-8C46-4715-A9F3-00A6573C2CF4}.Debug|x64.ActiveCfg = Debug|x64
		{56F4E6B0-8C46-4715-A9F3-00A6573C2CF4}.Debug|x64.Build.0 = Debug|x64
		{56F4E6B0-8C46-4715-A9F3-00A6573C2CF4}.Debug|x64.Deploy.0 = Debug|x64
		{56F4E6B0-8C46-4715-A9F3-00A6573C2CF4}.Debug|x86.ActiveCfg = Debug|x86
		{56F4E6B0-8C46-4715-A9F3-00A6573C2CF4}.Debug|x86.Build.0 = Debug|x86
		{56F4E6B0-8C46-4715-A9F3-00A6573C2CF4}.Debug|x86.Deploy.0 = Debug|x86
		{56F4E6B0-8C46-4715-A9F3-00A6573C2CF4}.Debug|x86 (For local).ActiveCfg = Debug|x86
		{56F4E6B0-8C46-4715-A9F3-00A6573C2CF4}.Debug|x86 (For local).Build.0 = Debug|x86
		{56F4E6B0-8C46-4715-A9F3-00A6573C2CF4}.Release|Any CPU.ActiveCfg = Release|Any CPU
		{56F4E6B0-8C46-4715-A9F3-00A6573C2CF4}.Release|Any CPU.Build.0 = Release|Any CPU
		{56F4E6B0-8C46-4715-A9F3-00A6573C2CF4}.Release|Any CPU.Deploy.0 = Release|Any CPU
		{56F4E6B0-8C46-4715-A9F3-00A6573C2CF4}.Release|Any CPU (For Cloud Components).ActiveCfg = Release|Any CPU
		{56F4E6B0-8C46-4715-A9F3-00A6573C2CF4}.Release|Any CPU (For Cloud Components).Build.0 = Release|Any CPU
		{56F4E6B0-8C46-4715-A9F3-00A6573C2CF4}.Release|Any CPU (For Cloud Components).Deploy.0 = Release|Any CPU
		{56F4E6B0-8C46-4715-A9F3-00A6573C2CF4}.Release|ARM.ActiveCfg = Release|ARM
		{56F4E6B0-8C46-4715-A9F3-00A6573C2CF4}.Release|ARM.Build.0 = Release|ARM
		{56F4E6B0-8C46-4715-A9F3-00A6573C2CF4}.Release|ARM.Deploy.0 = Release|ARM
		{56F4E6B0-8C46-4715-A9F3-00A6573C2CF4}.Release|ARM (For Raspberry Pi).ActiveCfg = Release|ARM
		{56F4E6B0-8C46-4715-A9F3-00A6573C2CF4}.Release|ARM (For Raspberry Pi).Build.0 = Release|ARM
		{56F4E6B0-8C46-4715-A9F3-00A6573C2CF4}.Release|x64.ActiveCfg = Release|x64
		{56F4E6B0-8C46-4715-A9F3-00A6573C2CF4}.Release|x64.Build.0 = Release|x64
		{56F4E6B0-8C46-4715-A9F3-00A6573C2CF4}.Release|x64.Deploy.0 = Release|x64
		{56F4E6B0-8C46-4715-A9F3-00A6573C2CF4}.Release|x86.ActiveCfg = Release|x86
		{56F4E6B0-8C46-4715-A9F3-00A6573C2CF4}.Release|x86.Build.0 = Release|x86
		{56F4E6B0-8C46-4715-A9F3-00A6573C2CF4}.Release|x86.Deploy.0 = Release|x86
		{56F4E6B0-8C46-4715-A9F3-00A6573C2CF4}.Release|x86 (For local).ActiveCfg = Release|x86
		{56F4E6B0-8C46-4715-A9F3-00A6573C2CF4}.Release|x86 (For local).Build.0 = Release|x86
		{F46489CF-4D81-40DD-8EFB-9B4073898A85}.Debug|Any CPU.ActiveCfg = Debug|Any CPU
		{F46489CF-4D81-40DD-8EFB-9B4073898A85}.Debug|Any CPU.Build.0 = Debug|Any CPU
		{F46489CF-4D81-40DD-8EFB-9B4073898A85}.Debug|Any CPU.Deploy.0 = Debug|Any CPU
		{F46489CF-4D81-40DD-8EFB-9B4073898A85}.Debug|Any CPU (For Cloud Components).ActiveCfg = Debug|x86
		{F46489CF-4D81-40DD-8EFB-9B4073898A85}.Debug|ARM.ActiveCfg = Debug|ARM
		{F46489CF-4D81-40DD-8EFB-9B4073898A85}.Debug|ARM.Build.0 = Debug|ARM
		{F46489CF-4D81-40DD-8EFB-9B4073898A85}.Debug|ARM.Deploy.0 = Debug|ARM
		{F46489CF-4D81-40DD-8EFB-9B4073898A85}.Debug|ARM (For Raspberry Pi).ActiveCfg = Debug|ARM
		{F46489CF-4D81-40DD-8EFB-9B4073898A85}.Debug|ARM (For Raspberry Pi).Build.0 = Debug|ARM
		{F46489CF-4D81-40DD-8EFB-9B4073898A85}.Debug|x64.ActiveCfg = Debug|x64
		{F46489CF-4D81-40DD-8EFB-9B4073898A85}.Debug|x64.Build.0 = Debug|x64
		{F46489CF-4D81-40DD-8EFB-9B4073898A85}.Debug|x64.Deploy.0 = Debug|x64
		{F46489CF-4D81-40DD-8EFB-9B4073898A85}.Debug|x86.ActiveCfg = Debug|x86
		{F46489CF-4D81-40DD-8EFB-9B4073898A85}.Debug|x86.Build.0 = Debug|x86
		{F46489CF-4D81-40DD-8EFB-9B4073898A85}.Debug|x86.Deploy.0 = Debug|x86
		{F46489CF-4D81-40DD-8EFB-9B4073898A85}.Debug|x86 (For local).ActiveCfg = Debug|x86
		{F46489CF-4D81-40DD-8EFB-9B4073898A85}.Debug|x86 (For local).Build.0 = Debug|x86
		{F46489CF-4D81-40DD-8EFB-9B4073898A85}.Debug|x86 (For local).Deploy.0 = Debug|x86
		{F46489CF-4D81-40DD-8EFB-9B4073898A85}.Release|Any CPU.ActiveCfg = Release|Any CPU
		{F46489CF-4D81-40DD-8EFB-9B4073898A85}.Release|Any CPU.Build.0 = Release|Any CPU
		{F46489CF-4D81-40DD-8EFB-9B4073898A85}.Release|Any CPU.Deploy.0 = Release|Any CPU
		{F46489CF-4D81-40DD-8EFB-9B4073898A85}.Release|Any CPU (For Cloud Components).ActiveCfg = Release|Any CPU
		{F46489CF-4D81-40DD-8EFB-9B4073898A85}.Release|Any CPU (For Cloud Components).Build.0 = Release|Any CPU
		{F46489CF-4D81-40DD-8EFB-9B4073898A85}.Release|Any CPU (For Cloud Components).Deploy.0 = Release|Any CPU
		{F46489CF-4D81-40DD-8EFB-9B4073898A85}.Release|ARM.ActiveCfg = Release|ARM
		{F46489CF-4D81-40DD-8EFB-9B4073898A85}.Release|ARM.Build.0 = Release|ARM
		{F46489CF-4D81-40DD-8EFB-9B4073898A85}.Release|ARM.Deploy.0 = Release|ARM
		{F46489CF-4D81-40DD-8EFB-9B4073898A85}.Release|ARM (For Raspberry Pi).ActiveCfg = Release|ARM
		{F46489CF-4D81-40DD-8EFB-9B4073898A85}.Release|x64.ActiveCfg = Release|x64
		{F46489CF-4D81-40DD-8EFB-9B4073898A85}.Release|x64.Build.0 = Release|x64
		{F46489CF-4D81-40DD-8EFB-9B4073898A85}.Release|x64.Deploy.0 = Release|x64
		{F46489CF-4D81-40DD-8EFB-9B4073898A85}.Release|x86.ActiveCfg = Release|x86
		{F46489CF-4D81-40DD-8EFB-9B4073898A85}.Release|x86.Build.0 = Release|x86
		{F46489CF-4D81-40DD-8EFB-9B4073898A85}.Release|x86.Deploy.0 = Release|x86
		{F46489CF-4D81-40DD-8EFB-9B4073898A85}.Release|x86 (For local).ActiveCfg = Release|x86
		{F46489CF-4D81-40DD-8EFB-9B4073898A85}.Release|x86 (For local).Build.0 = Release|x86
		{F46489CF-4D81-40DD-8EFB-9B4073898A85}.Release|x86 (For local).Deploy.0 = Release|x86
		{C4619FEF-F44F-45EE-9473-5C80BC72E866}.Debug|Any CPU.ActiveCfg = Debug|Any CPU
		{C4619FEF-F44F-45EE-9473-5C80BC72E866}.Debug|Any CPU.Build.0 = Debug|Any CPU
		{C4619FEF-F44F-45EE-9473-5C80BC72E866}.Debug|Any CPU (For Cloud Components).ActiveCfg = Debug|Any CPU
		{C4619FEF-F44F-45EE-9473-5C80BC72E866}.Debug|Any CPU (For Cloud Components).Build.0 = Debug|Any CPU
		{C4619FEF-F44F-45EE-9473-5C80BC72E866}.Debug|ARM.ActiveCfg = Debug|Any CPU
		{C4619FEF-F44F-45EE-9473-5C80BC72E866}.Debug|ARM.Build.0 = Debug|Any CPU
		{C4619FEF-F44F-45EE-9473-5C80BC72E866}.Debug|ARM (For Raspberry Pi).ActiveCfg = Debug|Any CPU
		{C4619FEF-F44F-45EE-9473-5C80BC72E866}.Debug|x64.ActiveCfg = Debug|Any CPU
		{C4619FEF-F44F-45EE-9473-5C80BC72E866}.Debug|x64.Build.0 = Debug|Any CPU
		{C4619FEF-F44F-45EE-9473-5C80BC72E866}.Debug|x86.ActiveCfg = Debug|x86
		{C4619FEF-F44F-45EE-9473-5C80BC72E866}.Debug|x86.Build.0 = Debug|x86
		{C4619FEF-F44F-45EE-9473-5C80BC72E866}.Debug|x86 (For local).ActiveCfg = Debug|x86
		{C4619FEF-F44F-45EE-9473-5C80BC72E866}.Debug|x86 (For local).Build.0 = Debug|x86
		{C4619FEF-F44F-45EE-9473-5C80BC72E866}.Release|Any CPU.ActiveCfg = Release|Any CPU
		{C4619FEF-F44F-45EE-9473-5C80BC72E866}.Release|Any CPU.Build.0 = Release|Any CPU
		{C4619FEF-F44F-45EE-9473-5C80BC72E866}.Release|Any CPU (For Cloud Components).ActiveCfg = Release|Any CPU
		{C4619FEF-F44F-45EE-9473-5C80BC72E866}.Release|Any CPU (For Cloud Components).Build.0 = Release|Any CPU
		{C4619FEF-F44F-45EE-9473-5C80BC72E866}.Release|ARM.ActiveCfg = Release|Any CPU
		{C4619FEF-F44F-45EE-9473-5C80BC72E866}.Release|ARM.Build.0 = Release|Any CPU
		{C4619FEF-F44F-45EE-9473-5C80BC72E866}.Release|ARM (For Raspberry Pi).ActiveCfg = Release|Any CPU
		{C4619FEF-F44F-45EE-9473-5C80BC72E866}.Release|x64.ActiveCfg = Release|Any CPU
		{C4619FEF-F44F-45EE-9473-5C80BC72E866}.Release|x64.Build.0 = Release|Any CPU
		{C4619FEF-F44F-45EE-9473-5C80BC72E866}.Release|x86.ActiveCfg = Release|x86
		{C4619FEF-F44F-45EE-9473-5C80BC72E866}.Release|x86.Build.0 = Release|x86
		{C4619FEF-F44F-45EE-9473-5C80BC72E866}.Release|x86 (For local).ActiveCfg = Release|Any CPU
		{EE5C16AF-0ACF-4D87-AD5A-D995832DDB6C}.Debug|Any CPU.ActiveCfg = Debug|Any CPU
		{EE5C16AF-0ACF-4D87-AD5A-D995832DDB6C}.Debug|Any CPU.Build.0 = Debug|Any CPU
		{EE5C16AF-0ACF-4D87-AD5A-D995832DDB6C}.Debug|Any CPU (For Cloud Components).ActiveCfg = Debug|Any CPU
		{EE5C16AF-0ACF-4D87-AD5A-D995832DDB6C}.Debug|Any CPU (For Cloud Components).Build.0 = Debug|Any CPU
		{EE5C16AF-0ACF-4D87-AD5A-D995832DDB6C}.Debug|ARM.ActiveCfg = Debug|Any CPU
		{EE5C16AF-0ACF-4D87-AD5A-D995832DDB6C}.Debug|ARM.Build.0 = Debug|Any CPU
		{EE5C16AF-0ACF-4D87-AD5A-D995832DDB6C}.Debug|ARM (For Raspberry Pi).ActiveCfg = Debug|Any CPU
		{EE5C16AF-0ACF-4D87-AD5A-D995832DDB6C}.Debug|ARM (For Raspberry Pi).Build.0 = Debug|Any CPU
		{EE5C16AF-0ACF-4D87-AD5A-D995832DDB6C}.Debug|x64.ActiveCfg = Debug|Any CPU
		{EE5C16AF-0ACF-4D87-AD5A-D995832DDB6C}.Debug|x64.Build.0 = Debug|Any CPU
		{EE5C16AF-0ACF-4D87-AD5A-D995832DDB6C}.Debug|x86.ActiveCfg = Debug|Any CPU
		{EE5C16AF-0ACF-4D87-AD5A-D995832DDB6C}.Debug|x86.Build.0 = Debug|Any CPU
		{EE5C16AF-0ACF-4D87-AD5A-D995832DDB6C}.Debug|x86 (For local).ActiveCfg = Debug|Any CPU
		{EE5C16AF-0ACF-4D87-AD5A-D995832DDB6C}.Debug|x86 (For local).Build.0 = Debug|Any CPU
		{EE5C16AF-0ACF-4D87-AD5A-D995832DDB6C}.Release|Any CPU.ActiveCfg = Release|Any CPU
		{EE5C16AF-0ACF-4D87-AD5A-D995832DDB6C}.Release|Any CPU.Build.0 = Release|Any CPU
		{EE5C16AF-0ACF-4D87-AD5A-D995832DDB6C}.Release|Any CPU (For Cloud Components).ActiveCfg = Release|Any CPU
		{EE5C16AF-0ACF-4D87-AD5A-D995832DDB6C}.Release|Any CPU (For Cloud Components).Build.0 = Release|Any CPU
		{EE5C16AF-0ACF-4D87-AD5A-D995832DDB6C}.Release|ARM.ActiveCfg = Release|Any CPU
		{EE5C16AF-0ACF-4D87-AD5A-D995832DDB6C}.Release|ARM.Build.0 = Release|Any CPU
		{EE5C16AF-0ACF-4D87-AD5A-D995832DDB6C}.Release|ARM (For Raspberry Pi).ActiveCfg = Release|Any CPU
		{EE5C16AF-0ACF-4D87-AD5A-D995832DDB6C}.Release|ARM (For Raspberry Pi).Build.0 = Release|Any CPU
		{EE5C16AF-0ACF-4D87-AD5A-D995832DDB6C}.Release|x64.ActiveCfg = Release|Any CPU
		{EE5C16AF-0ACF-4D87-AD5A-D995832DDB6C}.Release|x64.Build.0 = Release|Any CPU
		{EE5C16AF-0ACF-4D87-AD5A-D995832DDB6C}.Release|x86.ActiveCfg = Release|Any CPU
		{EE5C16AF-0ACF-4D87-AD5A-D995832DDB6C}.Release|x86.Build.0 = Release|Any CPU
		{EE5C16AF-0ACF-4D87-AD5A-D995832DDB6C}.Release|x86 (For local).ActiveCfg = Release|Any CPU
		{EE5C16AF-0ACF-4D87-AD5A-D995832DDB6C}.Release|x86 (For local).Build.0 = Release|Any CPU
		{50737D30-AD0D-4832-B675-FDA4C27C58CA}.Debug|Any CPU.ActiveCfg = Debug|Any CPU
		{50737D30-AD0D-4832-B675-FDA4C27C58CA}.Debug|Any CPU.Build.0 = Debug|Any CPU
		{50737D30-AD0D-4832-B675-FDA4C27C58CA}.Debug|Any CPU (For Cloud Components).ActiveCfg = Debug|Any CPU
		{50737D30-AD0D-4832-B675-FDA4C27C58CA}.Debug|Any CPU (For Cloud Components).Build.0 = Debug|Any CPU
		{50737D30-AD0D-4832-B675-FDA4C27C58CA}.Debug|ARM.ActiveCfg = Debug|Any CPU
		{50737D30-AD0D-4832-B675-FDA4C27C58CA}.Debug|ARM.Build.0 = Debug|Any CPU
		{50737D30-AD0D-4832-B675-FDA4C27C58CA}.Debug|ARM (For Raspberry Pi).ActiveCfg = Debug|Any CPU
		{50737D30-AD0D-4832-B675-FDA4C27C58CA}.Debug|ARM (For Raspberry Pi).Build.0 = Debug|Any CPU
		{50737D30-AD0D-4832-B675-FDA4C27C58CA}.Debug|x64.ActiveCfg = Debug|Any CPU
		{50737D30-AD0D-4832-B675-FDA4C27C58CA}.Debug|x64.Build.0 = Debug|Any CPU
		{50737D30-AD0D-4832-B675-FDA4C27C58CA}.Debug|x86.ActiveCfg = Debug|Any CPU
		{50737D30-AD0D-4832-B675-FDA4C27C58CA}.Debug|x86.Build.0 = Debug|Any CPU
		{50737D30-AD0D-4832-B675-FDA4C27C58CA}.Debug|x86 (For local).ActiveCfg = Debug|Any CPU
		{50737D30-AD0D-4832-B675-FDA4C27C58CA}.Debug|x86 (For local).Build.0 = Debug|Any CPU
		{50737D30-AD0D-4832-B675-FDA4C27C58CA}.Release|Any CPU.ActiveCfg = Release|Any CPU
		{50737D30-AD0D-4832-B675-FDA4C27C58CA}.Release|Any CPU.Build.0 = Release|Any CPU
		{50737D30-AD0D-4832-B675-FDA4C27C58CA}.Release|Any CPU (For Cloud Components).ActiveCfg = Release|Any CPU
		{50737D30-AD0D-4832-B675-FDA4C27C58CA}.Release|Any CPU (For Cloud Components).Build.0 = Release|Any CPU
		{50737D30-AD0D-4832-B675-FDA4C27C58CA}.Release|ARM.ActiveCfg = Release|Any CPU
		{50737D30-AD0D-4832-B675-FDA4C27C58CA}.Release|ARM.Build.0 = Release|Any CPU
		{50737D30-AD0D-4832-B675-FDA4C27C58CA}.Release|ARM (For Raspberry Pi).ActiveCfg = Release|Any CPU
		{50737D30-AD0D-4832-B675-FDA4C27C58CA}.Release|ARM (For Raspberry Pi).Build.0 = Release|Any CPU
		{50737D30-AD0D-4832-B675-FDA4C27C58CA}.Release|x64.ActiveCfg = Release|Any CPU
		{50737D30-AD0D-4832-B675-FDA4C27C58CA}.Release|x64.Build.0 = Release|Any CPU
		{50737D30-AD0D-4832-B675-FDA4C27C58CA}.Release|x86.ActiveCfg = Release|Any CPU
		{50737D30-AD0D-4832-B675-FDA4C27C58CA}.Release|x86.Build.0 = Release|Any CPU
		{50737D30-AD0D-4832-B675-FDA4C27C58CA}.Release|x86 (For local).ActiveCfg = Release|Any CPU
		{50737D30-AD0D-4832-B675-FDA4C27C58CA}.Release|x86 (For local).Build.0 = Release|Any CPU
		{B309D329-616A-49B3-B713-A45CAAA3228E}.Debug|Any CPU.ActiveCfg = Debug|Any CPU
		{B309D329-616A-49B3-B713-A45CAAA3228E}.Debug|Any CPU.Build.0 = Debug|Any CPU
		{B309D329-616A-49B3-B713-A45CAAA3228E}.Debug|Any CPU (For Cloud Components).ActiveCfg = Debug|Any CPU
		{B309D329-616A-49B3-B713-A45CAAA3228E}.Debug|Any CPU (For Cloud Components).Build.0 = Debug|Any CPU
		{B309D329-616A-49B3-B713-A45CAAA3228E}.Debug|ARM.ActiveCfg = Debug|Any CPU
		{B309D329-616A-49B3-B713-A45CAAA3228E}.Debug|ARM.Build.0 = Debug|Any CPU
		{B309D329-616A-49B3-B713-A45CAAA3228E}.Debug|ARM (For Raspberry Pi).ActiveCfg = Debug|Any CPU
		{B309D329-616A-49B3-B713-A45CAAA3228E}.Debug|ARM (For Raspberry Pi).Build.0 = Debug|Any CPU
		{B309D329-616A-49B3-B713-A45CAAA3228E}.Debug|x64.ActiveCfg = Debug|Any CPU
		{B309D329-616A-49B3-B713-A45CAAA3228E}.Debug|x64.Build.0 = Debug|Any CPU
		{B309D329-616A-49B3-B713-A45CAAA3228E}.Debug|x86.ActiveCfg = Debug|Any CPU
		{B309D329-616A-49B3-B713-A45CAAA3228E}.Debug|x86.Build.0 = Debug|Any CPU
		{B309D329-616A-49B3-B713-A45CAAA3228E}.Debug|x86 (For local).ActiveCfg = Debug|Any CPU
		{B309D329-616A-49B3-B713-A45CAAA3228E}.Debug|x86 (For local).Build.0 = Debug|Any CPU
		{B309D329-616A-49B3-B713-A45CAAA3228E}.Release|Any CPU.ActiveCfg = Release|Any CPU
		{B309D329-616A-49B3-B713-A45CAAA3228E}.Release|Any CPU.Build.0 = Release|Any CPU
		{B309D329-616A-49B3-B713-A45CAAA3228E}.Release|Any CPU (For Cloud Components).ActiveCfg = Release|Any CPU
		{B309D329-616A-49B3-B713-A45CAAA3228E}.Release|Any CPU (For Cloud Components).Build.0 = Release|Any CPU
		{B309D329-616A-49B3-B713-A45CAAA3228E}.Release|ARM.ActiveCfg = Release|Any CPU
		{B309D329-616A-49B3-B713-A45CAAA3228E}.Release|ARM.Build.0 = Release|Any CPU
		{B309D329-616A-49B3-B713-A45CAAA3228E}.Release|ARM (For Raspberry Pi).ActiveCfg = Release|Any CPU
		{B309D329-616A-49B3-B713-A45CAAA3228E}.Release|ARM (For Raspberry Pi).Build.0 = Release|Any CPU
		{B309D329-616A-49B3-B713-A45CAAA3228E}.Release|x64.ActiveCfg = Release|Any CPU
		{B309D329-616A-49B3-B713-A45CAAA3228E}.Release|x64.Build.0 = Release|Any CPU
		{B309D329-616A-49B3-B713-A45CAAA3228E}.Release|x86.ActiveCfg = Release|Any CPU
		{B309D329-616A-49B3-B713-A45CAAA3228E}.Release|x86.Build.0 = Release|Any CPU
		{B309D329-616A-49B3-B713-A45CAAA3228E}.Release|x86 (For local).ActiveCfg = Release|Any CPU
		{B309D329-616A-49B3-B713-A45CAAA3228E}.Release|x86 (For local).Build.0 = Release|Any CPU
		{0D7D0870-8888-4742-9CFD-F8EF2C3A50D8}.Debug|Any CPU.ActiveCfg = Debug|Any CPU
		{0D7D0870-8888-4742-9CFD-F8EF2C3A50D8}.Debug|Any CPU.Build.0 = Debug|Any CPU
		{0D7D0870-8888-4742-9CFD-F8EF2C3A50D8}.Debug|Any CPU (For Cloud Components).ActiveCfg = Debug|Any CPU
		{0D7D0870-8888-4742-9CFD-F8EF2C3A50D8}.Debug|Any CPU (For Cloud Components).Build.0 = Debug|Any CPU
		{0D7D0870-8888-4742-9CFD-F8EF2C3A50D8}.Debug|ARM.ActiveCfg = Debug|ARM
		{0D7D0870-8888-4742-9CFD-F8EF2C3A50D8}.Debug|ARM.Build.0 = Debug|ARM
		{0D7D0870-8888-4742-9CFD-F8EF2C3A50D8}.Debug|ARM (For Raspberry Pi).ActiveCfg = Debug|Any CPU
		{0D7D0870-8888-4742-9CFD-F8EF2C3A50D8}.Debug|ARM (For Raspberry Pi).Build.0 = Debug|Any CPU
		{0D7D0870-8888-4742-9CFD-F8EF2C3A50D8}.Debug|x64.ActiveCfg = Debug|x64
		{0D7D0870-8888-4742-9CFD-F8EF2C3A50D8}.Debug|x64.Build.0 = Debug|x64
		{0D7D0870-8888-4742-9CFD-F8EF2C3A50D8}.Debug|x86.ActiveCfg = Debug|x86
		{0D7D0870-8888-4742-9CFD-F8EF2C3A50D8}.Debug|x86.Build.0 = Debug|x86
		{0D7D0870-8888-4742-9CFD-F8EF2C3A50D8}.Debug|x86 (For local).ActiveCfg = Debug|Any CPU
		{0D7D0870-8888-4742-9CFD-F8EF2C3A50D8}.Debug|x86 (For local).Build.0 = Debug|Any CPU
		{0D7D0870-8888-4742-9CFD-F8EF2C3A50D8}.Release|Any CPU.ActiveCfg = Release|Any CPU
		{0D7D0870-8888-4742-9CFD-F8EF2C3A50D8}.Release|Any CPU.Build.0 = Release|Any CPU
		{0D7D0870-8888-4742-9CFD-F8EF2C3A50D8}.Release|Any CPU (For Cloud Components).ActiveCfg = Release|Any CPU
		{0D7D0870-8888-4742-9CFD-F8EF2C3A50D8}.Release|Any CPU (For Cloud Components).Build.0 = Release|Any CPU
		{0D7D0870-8888-4742-9CFD-F8EF2C3A50D8}.Release|ARM.ActiveCfg = Release|ARM
		{0D7D0870-8888-4742-9CFD-F8EF2C3A50D8}.Release|ARM.Build.0 = Release|ARM
		{0D7D0870-8888-4742-9CFD-F8EF2C3A50D8}.Release|ARM (For Raspberry Pi).ActiveCfg = Release|Any CPU
		{0D7D0870-8888-4742-9CFD-F8EF2C3A50D8}.Release|ARM (For Raspberry Pi).Build.0 = Release|Any CPU
		{0D7D0870-8888-4742-9CFD-F8EF2C3A50D8}.Release|x64.ActiveCfg = Release|x64
		{0D7D0870-8888-4742-9CFD-F8EF2C3A50D8}.Release|x64.Build.0 = Release|x64
		{0D7D0870-8888-4742-9CFD-F8EF2C3A50D8}.Release|x86.ActiveCfg = Release|x86
		{0D7D0870-8888-4742-9CFD-F8EF2C3A50D8}.Release|x86.Build.0 = Release|x86
		{0D7D0870-8888-4742-9CFD-F8EF2C3A50D8}.Release|x86 (For local).ActiveCfg = Release|Any CPU
		{0D7D0870-8888-4742-9CFD-F8EF2C3A50D8}.Release|x86 (For local).Build.0 = Release|Any CPU
		{118EF925-83FF-456E-9898-34DA5EE417EF}.Debug|Any CPU.ActiveCfg = Debug|Any CPU
		{118EF925-83FF-456E-9898-34DA5EE417EF}.Debug|Any CPU.Build.0 = Debug|Any CPU
		{118EF925-83FF-456E-9898-34DA5EE417EF}.Debug|Any CPU (For Cloud Components).ActiveCfg = Debug|Any CPU
		{118EF925-83FF-456E-9898-34DA5EE417EF}.Debug|Any CPU (For Cloud Components).Build.0 = Debug|Any CPU
		{118EF925-83FF-456E-9898-34DA5EE417EF}.Debug|ARM.ActiveCfg = Debug|Any CPU
		{118EF925-83FF-456E-9898-34DA5EE417EF}.Debug|ARM.Build.0 = Debug|Any CPU
		{118EF925-83FF-456E-9898-34DA5EE417EF}.Debug|ARM (For Raspberry Pi).ActiveCfg = Debug|Any CPU
		{118EF925-83FF-456E-9898-34DA5EE417EF}.Debug|ARM (For Raspberry Pi).Build.0 = Debug|Any CPU
		{118EF925-83FF-456E-9898-34DA5EE417EF}.Debug|x64.ActiveCfg = Debug|Any CPU
		{118EF925-83FF-456E-9898-34DA5EE417EF}.Debug|x64.Build.0 = Debug|Any CPU
		{118EF925-83FF-456E-9898-34DA5EE417EF}.Debug|x86.ActiveCfg = Debug|Any CPU
		{118EF925-83FF-456E-9898-34DA5EE417EF}.Debug|x86.Build.0 = Debug|Any CPU
		{118EF925-83FF-456E-9898-34DA5EE417EF}.Debug|x86 (For local).ActiveCfg = Debug|Any CPU
		{118EF925-83FF-456E-9898-34DA5EE417EF}.Debug|x86 (For local).Build.0 = Debug|Any CPU
		{118EF925-83FF-456E-9898-34DA5EE417EF}.Release|Any CPU.ActiveCfg = Release|Any CPU
		{118EF925-83FF-456E-9898-34DA5EE417EF}.Release|Any CPU.Build.0 = Release|Any CPU
		{118EF925-83FF-456E-9898-34DA5EE417EF}.Release|Any CPU (For Cloud Components).ActiveCfg = Release|Any CPU
		{118EF925-83FF-456E-9898-34DA5EE417EF}.Release|Any CPU (For Cloud Components).Build.0 = Release|Any CPU
		{118EF925-83FF-456E-9898-34DA5EE417EF}.Release|ARM.ActiveCfg = Release|Any CPU
		{118EF925-83FF-456E-9898-34DA5EE417EF}.Release|ARM.Build.0 = Release|Any CPU
		{118EF925-83FF-456E-9898-34DA5EE417EF}.Release|ARM (For Raspberry Pi).ActiveCfg = Release|Any CPU
		{118EF925-83FF-456E-9898-34DA5EE417EF}.Release|ARM (For Raspberry Pi).Build.0 = Release|Any CPU
		{118EF925-83FF-456E-9898-34DA5EE417EF}.Release|x64.ActiveCfg = Release|Any CPU
		{118EF925-83FF-456E-9898-34DA5EE417EF}.Release|x64.Build.0 = Release|Any CPU
		{118EF925-83FF-456E-9898-34DA5EE417EF}.Release|x86.ActiveCfg = Release|Any CPU
		{118EF925-83FF-456E-9898-34DA5EE417EF}.Release|x86.Build.0 = Release|Any CPU
		{118EF925-83FF-456E-9898-34DA5EE417EF}.Release|x86 (For local).ActiveCfg = Release|Any CPU
		{118EF925-83FF-456E-9898-34DA5EE417EF}.Release|x86 (For local).Build.0 = Release|Any CPU
		{EF3F54E4-3236-4C1C-B594-280AFC35893A}.Debug|Any CPU.ActiveCfg = Debug|Any CPU
		{EF3F54E4-3236-4C1C-B594-280AFC35893A}.Debug|Any CPU.Build.0 = Debug|Any CPU
		{EF3F54E4-3236-4C1C-B594-280AFC35893A}.Debug|Any CPU (For Cloud Components).ActiveCfg = Debug|Any CPU
		{EF3F54E4-3236-4C1C-B594-280AFC35893A}.Debug|Any CPU (For Cloud Components).Build.0 = Debug|Any CPU
		{EF3F54E4-3236-4C1C-B594-280AFC35893A}.Debug|ARM.ActiveCfg = Debug|Any CPU
		{EF3F54E4-3236-4C1C-B594-280AFC35893A}.Debug|ARM.Build.0 = Debug|Any CPU
		{EF3F54E4-3236-4C1C-B594-280AFC35893A}.Debug|ARM (For Raspberry Pi).ActiveCfg = Debug|Any CPU
		{EF3F54E4-3236-4C1C-B594-280AFC35893A}.Debug|ARM (For Raspberry Pi).Build.0 = Debug|Any CPU
		{EF3F54E4-3236-4C1C-B594-280AFC35893A}.Debug|x64.ActiveCfg = Debug|Any CPU
		{EF3F54E4-3236-4C1C-B594-280AFC35893A}.Debug|x64.Build.0 = Debug|Any CPU
		{EF3F54E4-3236-4C1C-B594-280AFC35893A}.Debug|x86.ActiveCfg = Debug|Any CPU
		{EF3F54E4-3236-4C1C-B594-280AFC35893A}.Debug|x86.Build.0 = Debug|Any CPU
		{EF3F54E4-3236-4C1C-B594-280AFC35893A}.Debug|x86 (For local).ActiveCfg = Debug|Any CPU
		{EF3F54E4-3236-4C1C-B594-280AFC35893A}.Debug|x86 (For local).Build.0 = Debug|Any CPU
		{EF3F54E4-3236-4C1C-B594-280AFC35893A}.Release|Any CPU.ActiveCfg = Release|Any CPU
		{EF3F54E4-3236-4C1C-B594-280AFC35893A}.Release|Any CPU.Build.0 = Release|Any CPU
		{EF3F54E4-3236-4C1C-B594-280AFC35893A}.Release|Any CPU (For Cloud Components).ActiveCfg = Release|Any CPU
		{EF3F54E4-3236-4C1C-B594-280AFC35893A}.Release|Any CPU (For Cloud Components).Build.0 = Release|Any CPU
		{EF3F54E4-3236-4C1C-B594-280AFC35893A}.Release|ARM.ActiveCfg = Release|Any CPU
		{EF3F54E4-3236-4C1C-B594-280AFC35893A}.Release|ARM.Build.0 = Release|Any CPU
		{EF3F54E4-3236-4C1C-B594-280AFC35893A}.Release|ARM (For Raspberry Pi).ActiveCfg = Release|Any CPU
		{EF3F54E4-3236-4C1C-B594-280AFC35893A}.Release|ARM (For Raspberry Pi).Build.0 = Release|Any CPU
		{EF3F54E4-3236-4C1C-B594-280AFC35893A}.Release|x64.ActiveCfg = Release|Any CPU
		{EF3F54E4-3236-4C1C-B594-280AFC35893A}.Release|x64.Build.0 = Release|Any CPU
		{EF3F54E4-3236-4C1C-B594-280AFC35893A}.Release|x86.ActiveCfg = Release|Any CPU
		{EF3F54E4-3236-4C1C-B594-280AFC35893A}.Release|x86.Build.0 = Release|Any CPU
		{EF3F54E4-3236-4C1C-B594-280AFC35893A}.Release|x86 (For local).ActiveCfg = Release|Any CPU
		{EF3F54E4-3236-4C1C-B594-280AFC35893A}.Release|x86 (For local).Build.0 = Release|Any CPU
		{6FD3FCE8-2F1F-493E-BDAB-3F2C6B2F3EFC}.Debug|Any CPU.ActiveCfg = Debug|Any CPU
		{6FD3FCE8-2F1F-493E-BDAB-3F2C6B2F3EFC}.Debug|Any CPU.Build.0 = Debug|Any CPU
		{6FD3FCE8-2F1F-493E-BDAB-3F2C6B2F3EFC}.Debug|Any CPU (For Cloud Components).ActiveCfg = Debug|Any CPU
		{6FD3FCE8-2F1F-493E-BDAB-3F2C6B2F3EFC}.Debug|Any CPU (For Cloud Components).Build.0 = Debug|Any CPU
		{6FD3FCE8-2F1F-493E-BDAB-3F2C6B2F3EFC}.Debug|ARM.ActiveCfg = Debug|Any CPU
		{6FD3FCE8-2F1F-493E-BDAB-3F2C6B2F3EFC}.Debug|ARM.Build.0 = Debug|Any CPU
		{6FD3FCE8-2F1F-493E-BDAB-3F2C6B2F3EFC}.Debug|ARM (For Raspberry Pi).ActiveCfg = Debug|Any CPU
		{6FD3FCE8-2F1F-493E-BDAB-3F2C6B2F3EFC}.Debug|ARM (For Raspberry Pi).Build.0 = Debug|Any CPU
		{6FD3FCE8-2F1F-493E-BDAB-3F2C6B2F3EFC}.Debug|x64.ActiveCfg = Debug|Any CPU
		{6FD3FCE8-2F1F-493E-BDAB-3F2C6B2F3EFC}.Debug|x64.Build.0 = Debug|Any CPU
		{6FD3FCE8-2F1F-493E-BDAB-3F2C6B2F3EFC}.Debug|x86.ActiveCfg = Debug|Any CPU
		{6FD3FCE8-2F1F-493E-BDAB-3F2C6B2F3EFC}.Debug|x86.Build.0 = Debug|Any CPU
		{6FD3FCE8-2F1F-493E-BDAB-3F2C6B2F3EFC}.Debug|x86 (For local).ActiveCfg = Debug|Any CPU
		{6FD3FCE8-2F1F-493E-BDAB-3F2C6B2F3EFC}.Debug|x86 (For local).Build.0 = Debug|Any CPU
		{6FD3FCE8-2F1F-493E-BDAB-3F2C6B2F3EFC}.Release|Any CPU.ActiveCfg = Release|Any CPU
		{6FD3FCE8-2F1F-493E-BDAB-3F2C6B2F3EFC}.Release|Any CPU.Build.0 = Release|Any CPU
		{6FD3FCE8-2F1F-493E-BDAB-3F2C6B2F3EFC}.Release|Any CPU (For Cloud Components).ActiveCfg = Release|Any CPU
		{6FD3FCE8-2F1F-493E-BDAB-3F2C6B2F3EFC}.Release|Any CPU (For Cloud Components).Build.0 = Release|Any CPU
		{6FD3FCE8-2F1F-493E-BDAB-3F2C6B2F3EFC}.Release|ARM.ActiveCfg = Release|Any CPU
		{6FD3FCE8-2F1F-493E-BDAB-3F2C6B2F3EFC}.Release|ARM.Build.0 = Release|Any CPU
		{6FD3FCE8-2F1F-493E-BDAB-3F2C6B2F3EFC}.Release|ARM (For Raspberry Pi).ActiveCfg = Release|Any CPU
		{6FD3FCE8-2F1F-493E-BDAB-3F2C6B2F3EFC}.Release|ARM (For Raspberry Pi).Build.0 = Release|Any CPU
		{6FD3FCE8-2F1F-493E-BDAB-3F2C6B2F3EFC}.Release|x64.ActiveCfg = Release|Any CPU
		{6FD3FCE8-2F1F-493E-BDAB-3F2C6B2F3EFC}.Release|x64.Build.0 = Release|Any CPU
		{6FD3FCE8-2F1F-493E-BDAB-3F2C6B2F3EFC}.Release|x86.ActiveCfg = Release|Any CPU
		{6FD3FCE8-2F1F-493E-BDAB-3F2C6B2F3EFC}.Release|x86.Build.0 = Release|Any CPU
		{6FD3FCE8-2F1F-493E-BDAB-3F2C6B2F3EFC}.Release|x86 (For local).ActiveCfg = Release|Any CPU
		{6FD3FCE8-2F1F-493E-BDAB-3F2C6B2F3EFC}.Release|x86 (For local).Build.0 = Release|Any CPU
		{DAC06671-DE50-467F-A1D3-40822A8D34C4}.Debug|Any CPU.ActiveCfg = Debug|Any CPU
		{DAC06671-DE50-467F-A1D3-40822A8D34C4}.Debug|Any CPU.Build.0 = Debug|Any CPU
		{DAC06671-DE50-467F-A1D3-40822A8D34C4}.Debug|Any CPU (For Cloud Components).ActiveCfg = Debug|Any CPU
		{DAC06671-DE50-467F-A1D3-40822A8D34C4}.Debug|Any CPU (For Cloud Components).Build.0 = Debug|Any CPU
		{DAC06671-DE50-467F-A1D3-40822A8D34C4}.Debug|ARM.ActiveCfg = Debug|Any CPU
		{DAC06671-DE50-467F-A1D3-40822A8D34C4}.Debug|ARM.Build.0 = Debug|Any CPU
		{DAC06671-DE50-467F-A1D3-40822A8D34C4}.Debug|ARM (For Raspberry Pi).ActiveCfg = Debug|Any CPU
		{DAC06671-DE50-467F-A1D3-40822A8D34C4}.Debug|ARM (For Raspberry Pi).Build.0 = Debug|Any CPU
		{DAC06671-DE50-467F-A1D3-40822A8D34C4}.Debug|x64.ActiveCfg = Debug|Any CPU
		{DAC06671-DE50-467F-A1D3-40822A8D34C4}.Debug|x64.Build.0 = Debug|Any CPU
		{DAC06671-DE50-467F-A1D3-40822A8D34C4}.Debug|x86.ActiveCfg = Debug|Any CPU
		{DAC06671-DE50-467F-A1D3-40822A8D34C4}.Debug|x86.Build.0 = Debug|Any CPU
		{DAC06671-DE50-467F-A1D3-40822A8D34C4}.Debug|x86 (For local).ActiveCfg = Debug|Any CPU
		{DAC06671-DE50-467F-A1D3-40822A8D34C4}.Debug|x86 (For local).Build.0 = Debug|Any CPU
		{DAC06671-DE50-467F-A1D3-40822A8D34C4}.Release|Any CPU.ActiveCfg = Release|Any CPU
		{DAC06671-DE50-467F-A1D3-40822A8D34C4}.Release|Any CPU.Build.0 = Release|Any CPU
		{DAC06671-DE50-467F-A1D3-40822A8D34C4}.Release|Any CPU (For Cloud Components).ActiveCfg = Release|Any CPU
		{DAC06671-DE50-467F-A1D3-40822A8D34C4}.Release|Any CPU (For Cloud Components).Build.0 = Release|Any CPU
		{DAC06671-DE50-467F-A1D3-40822A8D34C4}.Release|ARM.ActiveCfg = Release|Any CPU
		{DAC06671-DE50-467F-A1D3-40822A8D34C4}.Release|ARM.Build.0 = Release|Any CPU
		{DAC06671-DE50-467F-A1D3-40822A8D34C4}.Release|ARM (For Raspberry Pi).ActiveCfg = Release|Any CPU
		{DAC06671-DE50-467F-A1D3-40822A8D34C4}.Release|ARM (For Raspberry Pi).Build.0 = Release|Any CPU
		{DAC06671-DE50-467F-A1D3-40822A8D34C4}.Release|x64.ActiveCfg = Release|Any CPU
		{DAC06671-DE50-467F-A1D3-40822A8D34C4}.Release|x64.Build.0 = Release|Any CPU
		{DAC06671-DE50-467F-A1D3-40822A8D34C4}.Release|x86.ActiveCfg = Release|Any CPU
		{DAC06671-DE50-467F-A1D3-40822A8D34C4}.Release|x86.Build.0 = Release|Any CPU
		{DAC06671-DE50-467F-A1D3-40822A8D34C4}.Release|x86 (For local).ActiveCfg = Release|Any CPU
		{DAC06671-DE50-467F-A1D3-40822A8D34C4}.Release|x86 (For local).Build.0 = Release|Any CPU
		{3B74528D-2D22-406E-AA43-DC2F47CDC5C1}.Debug|Any CPU.ActiveCfg = Debug|x86
		{3B74528D-2D22-406E-AA43-DC2F47CDC5C1}.Debug|Any CPU (For Cloud Components).ActiveCfg = Debug|x86
		{3B74528D-2D22-406E-AA43-DC2F47CDC5C1}.Debug|ARM.ActiveCfg = Debug|ARM
		{3B74528D-2D22-406E-AA43-DC2F47CDC5C1}.Debug|ARM.Build.0 = Debug|ARM
		{3B74528D-2D22-406E-AA43-DC2F47CDC5C1}.Debug|ARM.Deploy.0 = Debug|ARM
		{3B74528D-2D22-406E-AA43-DC2F47CDC5C1}.Debug|ARM (For Raspberry Pi).ActiveCfg = Debug|ARM
		{3B74528D-2D22-406E-AA43-DC2F47CDC5C1}.Debug|ARM (For Raspberry Pi).Build.0 = Debug|ARM
		{3B74528D-2D22-406E-AA43-DC2F47CDC5C1}.Debug|ARM (For Raspberry Pi).Deploy.0 = Debug|ARM
		{3B74528D-2D22-406E-AA43-DC2F47CDC5C1}.Debug|x64.ActiveCfg = Debug|x64
		{3B74528D-2D22-406E-AA43-DC2F47CDC5C1}.Debug|x64.Build.0 = Debug|x64
		{3B74528D-2D22-406E-AA43-DC2F47CDC5C1}.Debug|x64.Deploy.0 = Debug|x64
		{3B74528D-2D22-406E-AA43-DC2F47CDC5C1}.Debug|x86.ActiveCfg = Debug|x86
		{3B74528D-2D22-406E-AA43-DC2F47CDC5C1}.Debug|x86.Build.0 = Debug|x86
		{3B74528D-2D22-406E-AA43-DC2F47CDC5C1}.Debug|x86.Deploy.0 = Debug|x86
		{3B74528D-2D22-406E-AA43-DC2F47CDC5C1}.Debug|x86 (For local).ActiveCfg = Debug|x86
		{3B74528D-2D22-406E-AA43-DC2F47CDC5C1}.Release|Any CPU.ActiveCfg = Release|x86
		{3B74528D-2D22-406E-AA43-DC2F47CDC5C1}.Release|Any CPU (For Cloud Components).ActiveCfg = Release|x86
		{3B74528D-2D22-406E-AA43-DC2F47CDC5C1}.Release|ARM.ActiveCfg = Release|ARM
		{3B74528D-2D22-406E-AA43-DC2F47CDC5C1}.Release|ARM.Build.0 = Release|ARM
		{3B74528D-2D22-406E-AA43-DC2F47CDC5C1}.Release|ARM.Deploy.0 = Release|ARM
		{3B74528D-2D22-406E-AA43-DC2F47CDC5C1}.Release|ARM (For Raspberry Pi).ActiveCfg = Release|x86
		{3B74528D-2D22-406E-AA43-DC2F47CDC5C1}.Release|x64.ActiveCfg = Release|x64
		{3B74528D-2D22-406E-AA43-DC2F47CDC5C1}.Release|x64.Build.0 = Release|x64
		{3B74528D-2D22-406E-AA43-DC2F47CDC5C1}.Release|x64.Deploy.0 = Release|x64
		{3B74528D-2D22-406E-AA43-DC2F47CDC5C1}.Release|x86.ActiveCfg = Release|x86
		{3B74528D-2D22-406E-AA43-DC2F47CDC5C1}.Release|x86.Build.0 = Release|x86
		{3B74528D-2D22-406E-AA43-DC2F47CDC5C1}.Release|x86.Deploy.0 = Release|x86
		{3B74528D-2D22-406E-AA43-DC2F47CDC5C1}.Release|x86 (For local).ActiveCfg = Release|x86
		{F931A02F-DCAD-4301-8DAD-B7D722A9C410}.Debug|Any CPU.ActiveCfg = Debug|Any CPU
		{F931A02F-DCAD-4301-8DAD-B7D722A9C410}.Debug|Any CPU.Build.0 = Debug|Any CPU
		{F931A02F-DCAD-4301-8DAD-B7D722A9C410}.Debug|Any CPU (For Cloud Components).ActiveCfg = Debug|Any CPU
		{F931A02F-DCAD-4301-8DAD-B7D722A9C410}.Debug|Any CPU (For Cloud Components).Build.0 = Debug|Any CPU
		{F931A02F-DCAD-4301-8DAD-B7D722A9C410}.Debug|ARM.ActiveCfg = Debug|Any CPU
		{F931A02F-DCAD-4301-8DAD-B7D722A9C410}.Debug|ARM.Build.0 = Debug|Any CPU
		{F931A02F-DCAD-4301-8DAD-B7D722A9C410}.Debug|ARM (For Raspberry Pi).ActiveCfg = Debug|Any CPU
		{F931A02F-DCAD-4301-8DAD-B7D722A9C410}.Debug|ARM (For Raspberry Pi).Build.0 = Debug|Any CPU
		{F931A02F-DCAD-4301-8DAD-B7D722A9C410}.Debug|x64.ActiveCfg = Debug|Any CPU
		{F931A02F-DCAD-4301-8DAD-B7D722A9C410}.Debug|x64.Build.0 = Debug|Any CPU
		{F931A02F-DCAD-4301-8DAD-B7D722A9C410}.Debug|x86.ActiveCfg = Debug|x86
		{F931A02F-DCAD-4301-8DAD-B7D722A9C410}.Debug|x86.Build.0 = Debug|x86
		{F931A02F-DCAD-4301-8DAD-B7D722A9C410}.Debug|x86 (For local).ActiveCfg = Debug|Any CPU
		{F931A02F-DCAD-4301-8DAD-B7D722A9C410}.Debug|x86 (For local).Build.0 = Debug|Any CPU
		{F931A02F-DCAD-4301-8DAD-B7D722A9C410}.Release|Any CPU.ActiveCfg = Release|Any CPU
		{F931A02F-DCAD-4301-8DAD-B7D722A9C410}.Release|Any CPU.Build.0 = Release|Any CPU
		{F931A02F-DCAD-4301-8DAD-B7D722A9C410}.Release|Any CPU (For Cloud Components).ActiveCfg = Release|Any CPU
		{F931A02F-DCAD-4301-8DAD-B7D722A9C410}.Release|Any CPU (For Cloud Components).Build.0 = Release|Any CPU
		{F931A02F-DCAD-4301-8DAD-B7D722A9C410}.Release|ARM.ActiveCfg = Release|Any CPU
		{F931A02F-DCAD-4301-8DAD-B7D722A9C410}.Release|ARM.Build.0 = Release|Any CPU
		{F931A02F-DCAD-4301-8DAD-B7D722A9C410}.Release|ARM (For Raspberry Pi).ActiveCfg = Release|Any CPU
		{F931A02F-DCAD-4301-8DAD-B7D722A9C410}.Release|ARM (For Raspberry Pi).Build.0 = Release|Any CPU
		{F931A02F-DCAD-4301-8DAD-B7D722A9C410}.Release|x64.ActiveCfg = Release|Any CPU
		{F931A02F-DCAD-4301-8DAD-B7D722A9C410}.Release|x64.Build.0 = Release|Any CPU
		{F931A02F-DCAD-4301-8DAD-B7D722A9C410}.Release|x86.ActiveCfg = Release|x86
		{F931A02F-DCAD-4301-8DAD-B7D722A9C410}.Release|x86.Build.0 = Release|x86
		{F931A02F-DCAD-4301-8DAD-B7D722A9C410}.Release|x86 (For local).ActiveCfg = Release|Any CPU
		{F931A02F-DCAD-4301-8DAD-B7D722A9C410}.Release|x86 (For local).Build.0 = Release|Any CPU
		{0E8A3855-D428-4CA2-B752-486B61056933}.Debug|Any CPU.ActiveCfg = Debug|Any CPU
		{0E8A3855-D428-4CA2-B752-486B61056933}.Debug|Any CPU.Build.0 = Debug|Any CPU
		{0E8A3855-D428-4CA2-B752-486B61056933}.Debug|Any CPU (For Cloud Components).ActiveCfg = Debug|Any CPU
		{0E8A3855-D428-4CA2-B752-486B61056933}.Debug|Any CPU (For Cloud Components).Build.0 = Debug|Any CPU
		{0E8A3855-D428-4CA2-B752-486B61056933}.Debug|ARM.ActiveCfg = Debug|Any CPU
		{0E8A3855-D428-4CA2-B752-486B61056933}.Debug|ARM.Build.0 = Debug|Any CPU
		{0E8A3855-D428-4CA2-B752-486B61056933}.Debug|ARM (For Raspberry Pi).ActiveCfg = Debug|Any CPU
		{0E8A3855-D428-4CA2-B752-486B61056933}.Debug|ARM (For Raspberry Pi).Build.0 = Debug|Any CPU
		{0E8A3855-D428-4CA2-B752-486B61056933}.Debug|x64.ActiveCfg = Debug|Any CPU
		{0E8A3855-D428-4CA2-B752-486B61056933}.Debug|x64.Build.0 = Debug|Any CPU
		{0E8A3855-D428-4CA2-B752-486B61056933}.Debug|x86.ActiveCfg = Debug|x86
		{0E8A3855-D428-4CA2-B752-486B61056933}.Debug|x86.Build.0 = Debug|x86
		{0E8A3855-D428-4CA2-B752-486B61056933}.Debug|x86 (For local).ActiveCfg = Debug|Any CPU
		{0E8A3855-D428-4CA2-B752-486B61056933}.Debug|x86 (For local).Build.0 = Debug|Any CPU
		{0E8A3855-D428-4CA2-B752-486B61056933}.Release|Any CPU.ActiveCfg = Release|Any CPU
		{0E8A3855-D428-4CA2-B752-486B61056933}.Release|Any CPU.Build.0 = Release|Any CPU
		{0E8A3855-D428-4CA2-B752-486B61056933}.Release|Any CPU (For Cloud Components).ActiveCfg = Release|Any CPU
		{0E8A3855-D428-4CA2-B752-486B61056933}.Release|Any CPU (For Cloud Components).Build.0 = Release|Any CPU
		{0E8A3855-D428-4CA2-B752-486B61056933}.Release|ARM.ActiveCfg = Release|Any CPU
		{0E8A3855-D428-4CA2-B752-486B61056933}.Release|ARM.Build.0 = Release|Any CPU
		{0E8A3855-D428-4CA2-B752-486B61056933}.Release|ARM (For Raspberry Pi).ActiveCfg = Release|Any CPU
		{0E8A3855-D428-4CA2-B752-486B61056933}.Release|ARM (For Raspberry Pi).Build.0 = Release|Any CPU
		{0E8A3855-D428-4CA2-B752-486B61056933}.Release|x64.ActiveCfg = Release|Any CPU
		{0E8A3855-D428-4CA2-B752-486B61056933}.Release|x64.Build.0 = Release|Any CPU
		{0E8A3855-D428-4CA2-B752-486B61056933}.Release|x86.ActiveCfg = Release|x86
		{0E8A3855-D428-4CA2-B752-486B61056933}.Release|x86.Build.0 = Release|x86
		{0E8A3855-D428-4CA2-B752-486B61056933}.Release|x86 (For local).ActiveCfg = Release|Any CPU
		{0E8A3855-D428-4CA2-B752-486B61056933}.Release|x86 (For local).Build.0 = Release|Any CPU
		{C90F81F0-E8BD-42F2-BE79-59CC32E7C886}.Debug|Any CPU.ActiveCfg = Debug|Any CPU
		{C90F81F0-E8BD-42F2-BE79-59CC32E7C886}.Debug|Any CPU.Build.0 = Debug|Any CPU
		{C90F81F0-E8BD-42F2-BE79-59CC32E7C886}.Debug|Any CPU (For Cloud Components).ActiveCfg = Debug|Any CPU
		{C90F81F0-E8BD-42F2-BE79-59CC32E7C886}.Debug|Any CPU (For Cloud Components).Build.0 = Debug|Any CPU
		{C90F81F0-E8BD-42F2-BE79-59CC32E7C886}.Debug|ARM.ActiveCfg = Debug|Any CPU
		{C90F81F0-E8BD-42F2-BE79-59CC32E7C886}.Debug|ARM.Build.0 = Debug|Any CPU
		{C90F81F0-E8BD-42F2-BE79-59CC32E7C886}.Debug|ARM (For Raspberry Pi).ActiveCfg = Debug|Any CPU
		{C90F81F0-E8BD-42F2-BE79-59CC32E7C886}.Debug|ARM (For Raspberry Pi).Build.0 = Debug|Any CPU
		{C90F81F0-E8BD-42F2-BE79-59CC32E7C886}.Debug|x64.ActiveCfg = Debug|Any CPU
		{C90F81F0-E8BD-42F2-BE79-59CC32E7C886}.Debug|x64.Build.0 = Debug|Any CPU
		{C90F81F0-E8BD-42F2-BE79-59CC32E7C886}.Debug|x86.ActiveCfg = Debug|Any CPU
		{C90F81F0-E8BD-42F2-BE79-59CC32E7C886}.Debug|x86.Build.0 = Debug|Any CPU
		{C90F81F0-E8BD-42F2-BE79-59CC32E7C886}.Debug|x86 (For local).ActiveCfg = Debug|Any CPU
		{C90F81F0-E8BD-42F2-BE79-59CC32E7C886}.Debug|x86 (For local).Build.0 = Debug|Any CPU
		{C90F81F0-E8BD-42F2-BE79-59CC32E7C886}.Release|Any CPU.ActiveCfg = Release|Any CPU
		{C90F81F0-E8BD-42F2-BE79-59CC32E7C886}.Release|Any CPU.Build.0 = Release|Any CPU
		{C90F81F0-E8BD-42F2-BE79-59CC32E7C886}.Release|Any CPU (For Cloud Components).ActiveCfg = Release|Any CPU
		{C90F81F0-E8BD-42F2-BE79-59CC32E7C886}.Release|Any CPU (For Cloud Components).Build.0 = Release|Any CPU
		{C90F81F0-E8BD-42F2-BE79-59CC32E7C886}.Release|ARM.ActiveCfg = Release|Any CPU
		{C90F81F0-E8BD-42F2-BE79-59CC32E7C886}.Release|ARM.Build.0 = Release|Any CPU
		{C90F81F0-E8BD-42F2-BE79-59CC32E7C886}.Release|ARM (For Raspberry Pi).ActiveCfg = Release|Any CPU
		{C90F81F0-E8BD-42F2-BE79-59CC32E7C886}.Release|ARM (For Raspberry Pi).Build.0 = Release|Any CPU
		{C90F81F0-E8BD-42F2-BE79-59CC32E7C886}.Release|x64.ActiveCfg = Release|Any CPU
		{C90F81F0-E8BD-42F2-BE79-59CC32E7C886}.Release|x64.Build.0 = Release|Any CPU
		{C90F81F0-E8BD-42F2-BE79-59CC32E7C886}.Release|x86.ActiveCfg = Release|Any CPU
		{C90F81F0-E8BD-42F2-BE79-59CC32E7C886}.Release|x86.Build.0 = Release|Any CPU
		{C90F81F0-E8BD-42F2-BE79-59CC32E7C886}.Release|x86 (For local).ActiveCfg = Release|Any CPU
		{C90F81F0-E8BD-42F2-BE79-59CC32E7C886}.Release|x86 (For local).Build.0 = Release|Any CPU
		{85247C7A-2FB7-4129-B18C-E4305DE26214}.Debug|Any CPU.ActiveCfg = Debug|Any CPU
		{85247C7A-2FB7-4129-B18C-E4305DE26214}.Debug|Any CPU.Build.0 = Debug|Any CPU
		{85247C7A-2FB7-4129-B18C-E4305DE26214}.Debug|Any CPU (For Cloud Components).ActiveCfg = Debug|Any CPU
		{85247C7A-2FB7-4129-B18C-E4305DE26214}.Debug|Any CPU (For Cloud Components).Build.0 = Debug|Any CPU
		{85247C7A-2FB7-4129-B18C-E4305DE26214}.Debug|ARM.ActiveCfg = Debug|Any CPU
		{85247C7A-2FB7-4129-B18C-E4305DE26214}.Debug|ARM.Build.0 = Debug|Any CPU
		{85247C7A-2FB7-4129-B18C-E4305DE26214}.Debug|ARM (For Raspberry Pi).ActiveCfg = Debug|Any CPU
		{85247C7A-2FB7-4129-B18C-E4305DE26214}.Debug|ARM (For Raspberry Pi).Build.0 = Debug|Any CPU
		{85247C7A-2FB7-4129-B18C-E4305DE26214}.Debug|x64.ActiveCfg = Debug|Any CPU
		{85247C7A-2FB7-4129-B18C-E4305DE26214}.Debug|x64.Build.0 = Debug|Any CPU
		{85247C7A-2FB7-4129-B18C-E4305DE26214}.Debug|x86.ActiveCfg = Debug|Any CPU
		{85247C7A-2FB7-4129-B18C-E4305DE26214}.Debug|x86.Build.0 = Debug|Any CPU
		{85247C7A-2FB7-4129-B18C-E4305DE26214}.Debug|x86 (For local).ActiveCfg = Debug|Any CPU
		{85247C7A-2FB7-4129-B18C-E4305DE26214}.Debug|x86 (For local).Build.0 = Debug|Any CPU
		{85247C7A-2FB7-4129-B18C-E4305DE26214}.Release|Any CPU.ActiveCfg = Release|Any CPU
		{85247C7A-2FB7-4129-B18C-E4305DE26214}.Release|Any CPU.Build.0 = Release|Any CPU
		{85247C7A-2FB7-4129-B18C-E4305DE26214}.Release|Any CPU (For Cloud Components).ActiveCfg = Release|Any CPU
		{85247C7A-2FB7-4129-B18C-E4305DE26214}.Release|Any CPU (For Cloud Components).Build.0 = Release|Any CPU
		{85247C7A-2FB7-4129-B18C-E4305DE26214}.Release|ARM.ActiveCfg = Release|Any CPU
		{85247C7A-2FB7-4129-B18C-E4305DE26214}.Release|ARM.Build.0 = Release|Any CPU
		{85247C7A-2FB7-4129-B18C-E4305DE26214}.Release|ARM (For Raspberry Pi).ActiveCfg = Release|Any CPU
		{85247C7A-2FB7-4129-B18C-E4305DE26214}.Release|ARM (For Raspberry Pi).Build.0 = Release|Any CPU
		{85247C7A-2FB7-4129-B18C-E4305DE26214}.Release|x64.ActiveCfg = Release|Any CPU
		{85247C7A-2FB7-4129-B18C-E4305DE26214}.Release|x64.Build.0 = Release|Any CPU
		{85247C7A-2FB7-4129-B18C-E4305DE26214}.Release|x86.ActiveCfg = Release|Any CPU
		{85247C7A-2FB7-4129-B18C-E4305DE26214}.Release|x86.Build.0 = Release|Any CPU
		{85247C7A-2FB7-4129-B18C-E4305DE26214}.Release|x86 (For local).ActiveCfg = Release|Any CPU
		{85247C7A-2FB7-4129-B18C-E4305DE26214}.Release|x86 (For local).Build.0 = Release|Any CPU
		{5C68D46C-4687-4766-80CE-A4A13A9169F6}.Debug|Any CPU.ActiveCfg = Debug|Any CPU
		{5C68D46C-4687-4766-80CE-A4A13A9169F6}.Debug|Any CPU.Build.0 = Debug|Any CPU
		{5C68D46C-4687-4766-80CE-A4A13A9169F6}.Debug|Any CPU (For Cloud Components).ActiveCfg = Debug|Any CPU
		{5C68D46C-4687-4766-80CE-A4A13A9169F6}.Debug|Any CPU (For Cloud Components).Build.0 = Debug|Any CPU
		{5C68D46C-4687-4766-80CE-A4A13A9169F6}.Debug|ARM.ActiveCfg = Debug|Any CPU
		{5C68D46C-4687-4766-80CE-A4A13A9169F6}.Debug|ARM.Build.0 = Debug|Any CPU
		{5C68D46C-4687-4766-80CE-A4A13A9169F6}.Debug|ARM (For Raspberry Pi).ActiveCfg = Debug|Any CPU
		{5C68D46C-4687-4766-80CE-A4A13A9169F6}.Debug|ARM (For Raspberry Pi).Build.0 = Debug|Any CPU
		{5C68D46C-4687-4766-80CE-A4A13A9169F6}.Debug|x64.ActiveCfg = Debug|Any CPU
		{5C68D46C-4687-4766-80CE-A4A13A9169F6}.Debug|x64.Build.0 = Debug|Any CPU
		{5C68D46C-4687-4766-80CE-A4A13A9169F6}.Debug|x86.ActiveCfg = Debug|Any CPU
		{5C68D46C-4687-4766-80CE-A4A13A9169F6}.Debug|x86.Build.0 = Debug|Any CPU
		{5C68D46C-4687-4766-80CE-A4A13A9169F6}.Debug|x86 (For local).ActiveCfg = Debug|Any CPU
		{5C68D46C-4687-4766-80CE-A4A13A9169F6}.Debug|x86 (For local).Build.0 = Debug|Any CPU
		{5C68D46C-4687-4766-80CE-A4A13A9169F6}.Release|Any CPU.ActiveCfg = Release|Any CPU
		{5C68D46C-4687-4766-80CE-A4A13A9169F6}.Release|Any CPU.Build.0 = Release|Any CPU
		{5C68D46C-4687-4766-80CE-A4A13A9169F6}.Release|Any CPU (For Cloud Components).ActiveCfg = Release|Any CPU
		{5C68D46C-4687-4766-80CE-A4A13A9169F6}.Release|Any CPU (For Cloud Components).Build.0 = Release|Any CPU
		{5C68D46C-4687-4766-80CE-A4A13A9169F6}.Release|ARM.ActiveCfg = Release|Any CPU
		{5C68D46C-4687-4766-80CE-A4A13A9169F6}.Release|ARM.Build.0 = Release|Any CPU
		{5C68D46C-4687-4766-80CE-A4A13A9169F6}.Release|ARM (For Raspberry Pi).ActiveCfg = Release|Any CPU
		{5C68D46C-4687-4766-80CE-A4A13A9169F6}.Release|ARM (For Raspberry Pi).Build.0 = Release|Any CPU
		{5C68D46C-4687-4766-80CE-A4A13A9169F6}.Release|x64.ActiveCfg = Release|Any CPU
		{5C68D46C-4687-4766-80CE-A4A13A9169F6}.Release|x64.Build.0 = Release|Any CPU
		{5C68D46C-4687-4766-80CE-A4A13A9169F6}.Release|x86.ActiveCfg = Release|Any CPU
		{5C68D46C-4687-4766-80CE-A4A13A9169F6}.Release|x86.Build.0 = Release|Any CPU
		{5C68D46C-4687-4766-80CE-A4A13A9169F6}.Release|x86 (For local).ActiveCfg = Release|Any CPU
		{5C68D46C-4687-4766-80CE-A4A13A9169F6}.Release|x86 (For local).Build.0 = Release|Any CPU
		{2BC1C5EC-FCB9-4278-9C45-7D477D7F4E66}.Debug|Any CPU.ActiveCfg = Debug|Any CPU
		{2BC1C5EC-FCB9-4278-9C45-7D477D7F4E66}.Debug|Any CPU.Build.0 = Debug|Any CPU
		{2BC1C5EC-FCB9-4278-9C45-7D477D7F4E66}.Debug|Any CPU (For Cloud Components).ActiveCfg = Debug|Any CPU
		{2BC1C5EC-FCB9-4278-9C45-7D477D7F4E66}.Debug|Any CPU (For Cloud Components).Build.0 = Debug|Any CPU
		{2BC1C5EC-FCB9-4278-9C45-7D477D7F4E66}.Debug|ARM.ActiveCfg = Debug|Any CPU
		{2BC1C5EC-FCB9-4278-9C45-7D477D7F4E66}.Debug|ARM.Build.0 = Debug|Any CPU
		{2BC1C5EC-FCB9-4278-9C45-7D477D7F4E66}.Debug|ARM (For Raspberry Pi).ActiveCfg = Debug|Any CPU
		{2BC1C5EC-FCB9-4278-9C45-7D477D7F4E66}.Debug|ARM (For Raspberry Pi).Build.0 = Debug|Any CPU
		{2BC1C5EC-FCB9-4278-9C45-7D477D7F4E66}.Debug|x64.ActiveCfg = Debug|Any CPU
		{2BC1C5EC-FCB9-4278-9C45-7D477D7F4E66}.Debug|x64.Build.0 = Debug|Any CPU
		{2BC1C5EC-FCB9-4278-9C45-7D477D7F4E66}.Debug|x86.ActiveCfg = Debug|Any CPU
		{2BC1C5EC-FCB9-4278-9C45-7D477D7F4E66}.Debug|x86.Build.0 = Debug|Any CPU
		{2BC1C5EC-FCB9-4278-9C45-7D477D7F4E66}.Debug|x86 (For local).ActiveCfg = Debug|Any CPU
		{2BC1C5EC-FCB9-4278-9C45-7D477D7F4E66}.Debug|x86 (For local).Build.0 = Debug|Any CPU
		{2BC1C5EC-FCB9-4278-9C45-7D477D7F4E66}.Release|Any CPU.ActiveCfg = Release|Any CPU
		{2BC1C5EC-FCB9-4278-9C45-7D477D7F4E66}.Release|Any CPU.Build.0 = Release|Any CPU
		{2BC1C5EC-FCB9-4278-9C45-7D477D7F4E66}.Release|Any CPU (For Cloud Components).ActiveCfg = Release|Any CPU
		{2BC1C5EC-FCB9-4278-9C45-7D477D7F4E66}.Release|Any CPU (For Cloud Components).Build.0 = Release|Any CPU
		{2BC1C5EC-FCB9-4278-9C45-7D477D7F4E66}.Release|ARM.ActiveCfg = Release|Any CPU
		{2BC1C5EC-FCB9-4278-9C45-7D477D7F4E66}.Release|ARM.Build.0 = Release|Any CPU
		{2BC1C5EC-FCB9-4278-9C45-7D477D7F4E66}.Release|ARM (For Raspberry Pi).ActiveCfg = Release|Any CPU
		{2BC1C5EC-FCB9-4278-9C45-7D477D7F4E66}.Release|ARM (For Raspberry Pi).Build.0 = Release|Any CPU
		{2BC1C5EC-FCB9-4278-9C45-7D477D7F4E66}.Release|x64.ActiveCfg = Release|Any CPU
		{2BC1C5EC-FCB9-4278-9C45-7D477D7F4E66}.Release|x64.Build.0 = Release|Any CPU
		{2BC1C5EC-FCB9-4278-9C45-7D477D7F4E66}.Release|x86.ActiveCfg = Release|Any CPU
		{2BC1C5EC-FCB9-4278-9C45-7D477D7F4E66}.Release|x86.Build.0 = Release|Any CPU
		{2BC1C5EC-FCB9-4278-9C45-7D477D7F4E66}.Release|x86 (For local).ActiveCfg = Release|Any CPU
		{2BC1C5EC-FCB9-4278-9C45-7D477D7F4E66}.Release|x86 (For local).Build.0 = Release|Any CPU
		{07450904-B03A-4CAA-9D3D-8EA980E5080E}.Debug|Any CPU.ActiveCfg = Debug|Any CPU
		{07450904-B03A-4CAA-9D3D-8EA980E5080E}.Debug|Any CPU.Build.0 = Debug|Any CPU
		{07450904-B03A-4CAA-9D3D-8EA980E5080E}.Debug|Any CPU (For Cloud Components).ActiveCfg = Debug|Any CPU
		{07450904-B03A-4CAA-9D3D-8EA980E5080E}.Debug|Any CPU (For Cloud Components).Build.0 = Debug|Any CPU
		{07450904-B03A-4CAA-9D3D-8EA980E5080E}.Debug|ARM.ActiveCfg = Debug|Any CPU
		{07450904-B03A-4CAA-9D3D-8EA980E5080E}.Debug|ARM.Build.0 = Debug|Any CPU
		{07450904-B03A-4CAA-9D3D-8EA980E5080E}.Debug|ARM (For Raspberry Pi).ActiveCfg = Debug|Any CPU
		{07450904-B03A-4CAA-9D3D-8EA980E5080E}.Debug|ARM (For Raspberry Pi).Build.0 = Debug|Any CPU
		{07450904-B03A-4CAA-9D3D-8EA980E5080E}.Debug|x64.ActiveCfg = Debug|Any CPU
		{07450904-B03A-4CAA-9D3D-8EA980E5080E}.Debug|x64.Build.0 = Debug|Any CPU
		{07450904-B03A-4CAA-9D3D-8EA980E5080E}.Debug|x86.ActiveCfg = Debug|Any CPU
		{07450904-B03A-4CAA-9D3D-8EA980E5080E}.Debug|x86.Build.0 = Debug|Any CPU
		{07450904-B03A-4CAA-9D3D-8EA980E5080E}.Debug|x86 (For local).ActiveCfg = Debug|Any CPU
		{07450904-B03A-4CAA-9D3D-8EA980E5080E}.Debug|x86 (For local).Build.0 = Debug|Any CPU
		{07450904-B03A-4CAA-9D3D-8EA980E5080E}.Release|Any CPU.ActiveCfg = Release|Any CPU
		{07450904-B03A-4CAA-9D3D-8EA980E5080E}.Release|Any CPU.Build.0 = Release|Any CPU
		{07450904-B03A-4CAA-9D3D-8EA980E5080E}.Release|Any CPU (For Cloud Components).ActiveCfg = Release|Any CPU
		{07450904-B03A-4CAA-9D3D-8EA980E5080E}.Release|Any CPU (For Cloud Components).Build.0 = Release|Any CPU
		{07450904-B03A-4CAA-9D3D-8EA980E5080E}.Release|ARM.ActiveCfg = Release|Any CPU
		{07450904-B03A-4CAA-9D3D-8EA980E5080E}.Release|ARM.Build.0 = Release|Any CPU
		{07450904-B03A-4CAA-9D3D-8EA980E5080E}.Release|ARM (For Raspberry Pi).ActiveCfg = Release|Any CPU
		{07450904-B03A-4CAA-9D3D-8EA980E5080E}.Release|ARM (For Raspberry Pi).Build.0 = Release|Any CPU
		{07450904-B03A-4CAA-9D3D-8EA980E5080E}.Release|x64.ActiveCfg = Release|Any CPU
		{07450904-B03A-4CAA-9D3D-8EA980E5080E}.Release|x64.Build.0 = Release|Any CPU
		{07450904-B03A-4CAA-9D3D-8EA980E5080E}.Release|x86.ActiveCfg = Release|Any CPU
		{07450904-B03A-4CAA-9D3D-8EA980E5080E}.Release|x86.Build.0 = Release|Any CPU
		{07450904-B03A-4CAA-9D3D-8EA980E5080E}.Release|x86 (For local).ActiveCfg = Release|Any CPU
		{07450904-B03A-4CAA-9D3D-8EA980E5080E}.Release|x86 (For local).Build.0 = Release|Any CPU
		{80772C14-18E1-4114-B5CD-12E058713DCE}.Debug|Any CPU.ActiveCfg = Debug|Any CPU
		{80772C14-18E1-4114-B5CD-12E058713DCE}.Debug|Any CPU.Build.0 = Debug|Any CPU
		{80772C14-18E1-4114-B5CD-12E058713DCE}.Debug|Any CPU (For Cloud Components).ActiveCfg = Debug|Any CPU
		{80772C14-18E1-4114-B5CD-12E058713DCE}.Debug|Any CPU (For Cloud Components).Build.0 = Debug|Any CPU
		{80772C14-18E1-4114-B5CD-12E058713DCE}.Debug|ARM.ActiveCfg = Debug|Any CPU
		{80772C14-18E1-4114-B5CD-12E058713DCE}.Debug|ARM.Build.0 = Debug|Any CPU
		{80772C14-18E1-4114-B5CD-12E058713DCE}.Debug|ARM (For Raspberry Pi).ActiveCfg = Debug|Any CPU
		{80772C14-18E1-4114-B5CD-12E058713DCE}.Debug|ARM (For Raspberry Pi).Build.0 = Debug|Any CPU
		{80772C14-18E1-4114-B5CD-12E058713DCE}.Debug|x64.ActiveCfg = Debug|Any CPU
		{80772C14-18E1-4114-B5CD-12E058713DCE}.Debug|x64.Build.0 = Debug|Any CPU
		{80772C14-18E1-4114-B5CD-12E058713DCE}.Debug|x86.ActiveCfg = Debug|Any CPU
		{80772C14-18E1-4114-B5CD-12E058713DCE}.Debug|x86.Build.0 = Debug|Any CPU
		{80772C14-18E1-4114-B5CD-12E058713DCE}.Debug|x86 (For local).ActiveCfg = Debug|Any CPU
		{80772C14-18E1-4114-B5CD-12E058713DCE}.Debug|x86 (For local).Build.0 = Debug|Any CPU
		{80772C14-18E1-4114-B5CD-12E058713DCE}.Release|Any CPU.ActiveCfg = Release|Any CPU
		{80772C14-18E1-4114-B5CD-12E058713DCE}.Release|Any CPU.Build.0 = Release|Any CPU
		{80772C14-18E1-4114-B5CD-12E058713DCE}.Release|Any CPU (For Cloud Components).ActiveCfg = Release|Any CPU
		{80772C14-18E1-4114-B5CD-12E058713DCE}.Release|Any CPU (For Cloud Components).Build.0 = Release|Any CPU
		{80772C14-18E1-4114-B5CD-12E058713DCE}.Release|ARM.ActiveCfg = Release|Any CPU
		{80772C14-18E1-4114-B5CD-12E058713DCE}.Release|ARM.Build.0 = Release|Any CPU
		{80772C14-18E1-4114-B5CD-12E058713DCE}.Release|ARM (For Raspberry Pi).ActiveCfg = Release|Any CPU
		{80772C14-18E1-4114-B5CD-12E058713DCE}.Release|ARM (For Raspberry Pi).Build.0 = Release|Any CPU
		{80772C14-18E1-4114-B5CD-12E058713DCE}.Release|x64.ActiveCfg = Release|Any CPU
		{80772C14-18E1-4114-B5CD-12E058713DCE}.Release|x64.Build.0 = Release|Any CPU
		{80772C14-18E1-4114-B5CD-12E058713DCE}.Release|x86.ActiveCfg = Release|Any CPU
		{80772C14-18E1-4114-B5CD-12E058713DCE}.Release|x86.Build.0 = Release|Any CPU
		{80772C14-18E1-4114-B5CD-12E058713DCE}.Release|x86 (For local).ActiveCfg = Release|Any CPU
		{80772C14-18E1-4114-B5CD-12E058713DCE}.Release|x86 (For local).Build.0 = Release|Any CPU
	EndGlobalSection
	GlobalSection(SolutionProperties) = preSolution
		HideSolutionNode = FALSE
	EndGlobalSection
	GlobalSection(NestedProjects) = preSolution
		{D3634558-2746-441F-BC09-454B1EC7DC1D} = {CED3E271-EE23-4B30-936C-B709F4D176FD}
		{56F4E6B0-8C46-4715-A9F3-00A6573C2CF4} = {CD5D2CCD-44D0-46E5-BE14-3B377048E0A2}
		{F46489CF-4D81-40DD-8EFB-9B4073898A85} = {CD5D2CCD-44D0-46E5-BE14-3B377048E0A2}
		{C4619FEF-F44F-45EE-9473-5C80BC72E866} = {AF6D96DE-60FE-4711-A888-3F6A06AF1628}
		{CED3E271-EE23-4B30-936C-B709F4D176FD} = {CD5D2CCD-44D0-46E5-BE14-3B377048E0A2}
		{89FBD621-449F-4178-9FC7-12244C2A1942} = {CED3E271-EE23-4B30-936C-B709F4D176FD}
		{3EB09DBE-C2E3-43D3-BF91-8494EBCB37F9} = {CED3E271-EE23-4B30-936C-B709F4D176FD}
		{EE5C16AF-0ACF-4D87-AD5A-D995832DDB6C} = {982ABB4E-A5DC-4C78-87A3-30BF49DD5764}
		{50737D30-AD0D-4832-B675-FDA4C27C58CA} = {982ABB4E-A5DC-4C78-87A3-30BF49DD5764}
		{B309D329-616A-49B3-B713-A45CAAA3228E} = {982ABB4E-A5DC-4C78-87A3-30BF49DD5764}
		{0D7D0870-8888-4742-9CFD-F8EF2C3A50D8} = {982ABB4E-A5DC-4C78-87A3-30BF49DD5764}
		{118EF925-83FF-456E-9898-34DA5EE417EF} = {FC699828-F953-4DA6-978B-EE8BFB988390}
		{EF3F54E4-3236-4C1C-B594-280AFC35893A} = {FC699828-F953-4DA6-978B-EE8BFB988390}
		{6FD3FCE8-2F1F-493E-BDAB-3F2C6B2F3EFC} = {FC699828-F953-4DA6-978B-EE8BFB988390}
		{DAC06671-DE50-467F-A1D3-40822A8D34C4} = {FC699828-F953-4DA6-978B-EE8BFB988390}
		{3B74528D-2D22-406E-AA43-DC2F47CDC5C1} = {FC699828-F953-4DA6-978B-EE8BFB988390}
		{F931A02F-DCAD-4301-8DAD-B7D722A9C410} = {20B098BA-1C68-4602-8BBA-902E7E3CA0B4}
		{0E8A3855-D428-4CA2-B752-486B61056933} = {20B098BA-1C68-4602-8BBA-902E7E3CA0B4}
		{5147FD81-1D79-47C4-B5D3-9A5965CDED1A} = {FC699828-F953-4DA6-978B-EE8BFB988390}
		{C90F81F0-E8BD-42F2-BE79-59CC32E7C886} = {5147FD81-1D79-47C4-B5D3-9A5965CDED1A}
		{85247C7A-2FB7-4129-B18C-E4305DE26214} = {FC699828-F953-4DA6-978B-EE8BFB988390}
		{5C68D46C-4687-4766-80CE-A4A13A9169F6} = {FC699828-F953-4DA6-978B-EE8BFB988390}
		{2BC1C5EC-FCB9-4278-9C45-7D477D7F4E66} = {FC699828-F953-4DA6-978B-EE8BFB988390}
		{07450904-B03A-4CAA-9D3D-8EA980E5080E} = {FC699828-F953-4DA6-978B-EE8BFB988390}
		{80772C14-18E1-4114-B5CD-12E058713DCE} = {FC699828-F953-4DA6-978B-EE8BFB988390}
	EndGlobalSection
	GlobalSection(ExtensibilityGlobals) = postSolution
		SolutionGuid = {67048500-54F1-4071-B01E-6215AD81A909}
	EndGlobalSection
EndGlobal
